<?xml version="1.0" encoding="utf-8"?>
<Project ToolsVersion="4.0" xmlns="http://schemas.microsoft.com/developer/msbuild/2003">
  <ItemGroup>
    <Filter Include="ソース ファイル">
      <UniqueIdentifier>{4FC737F1-C7A5-4376-A066-2A32D752A2FF}</UniqueIdentifier>
      <Extensions>cpp;c;cc;cxx;c++;cppm;ixx;def;odl;idl;hpj;bat;asm;asmx</Extensions>
    </Filter>
    <Filter Include="ヘッダー ファイル">
      <UniqueIdentifier>{93995380-89BD-4b04-88EB-625FBE52EBFB}</UniqueIdentifier>
      <Extensions>h;hh;hpp;hxx;h++;hm;inl;inc;ipp;xsd</Extensions>
    </Filter>
    <Filter Include="リソース ファイル">
      <UniqueIdentifier>{67DA6AB6-F800-4c08-8B7A-83BB121AAD01}</UniqueIdentifier>
      <Extensions>rc;ico;cur;bmp;dlg;rc2;rct;bin;rgs;gif;jpg;jpeg;jpe;resx;tiff;tif;png;wav;mfcribbon-ms</Extensions>
    </Filter>
    <Filter Include="imgui">
      <UniqueIdentifier>{7087bd48-7edc-4561-be49-19478300adf1}</UniqueIdentifier>
    </Filter>
    <Filter Include="Shaders">
      <UniqueIdentifier>{4c6822d5-d1c3-4061-ab7e-ee33108a38f9}</UniqueIdentifier>
    </Filter>
    <Filter Include="Base">
      <UniqueIdentifier>{f1bba3fc-73a3-4947-8e20-48cdfaaa3dca}</UniqueIdentifier>
    </Filter>
    <Filter Include="Base\Buffer">
      <UniqueIdentifier>{6b505418-2434-4c90-b67f-ee58590574e7}</UniqueIdentifier>
    </Filter>
    <Filter Include="Base\Command">
      <UniqueIdentifier>{37298998-38d4-4fa6-9164-7be1263c97e1}</UniqueIdentifier>
    </Filter>
    <Filter Include="Base\Input">
      <UniqueIdentifier>{6fb25ccb-954b-40be-8d1c-61b120223f34}</UniqueIdentifier>
    </Filter>
    <Filter Include="Base\RootSignature">
      <UniqueIdentifier>{18400839-3c3b-4bd0-8ef6-d2dfb26cf932}</UniqueIdentifier>
    </Filter>
    <Filter Include="Base\PipelineState">
      <UniqueIdentifier>{86e8e6b8-5331-47d2-80a8-20c5fc89313e}</UniqueIdentifier>
    </Filter>
    <Filter Include="Base\Device">
      <UniqueIdentifier>{69ff564a-678e-4e2b-8db5-ba86d0b9b021}</UniqueIdentifier>
    </Filter>
    <Filter Include="Base\SwapChain">
      <UniqueIdentifier>{bc8bf980-5f29-4145-b306-7025f49bb950}</UniqueIdentifier>
    </Filter>
    <Filter Include="Base\Sprite">
      <UniqueIdentifier>{91c4b860-bf26-4cdb-bbe0-e688dd1f333c}</UniqueIdentifier>
    </Filter>
    <Filter Include="Base\Camera">
      <UniqueIdentifier>{23768cb8-570d-4d46-881d-ecb2899fd8a2}</UniqueIdentifier>
    </Filter>
    <Filter Include="Base\math">
      <UniqueIdentifier>{55dcefdd-a94a-479b-9ae9-29db4b95a019}</UniqueIdentifier>
    </Filter>
    <Filter Include="Base\math\ヘッダー">
      <UniqueIdentifier>{f5e969c5-6c72-4e18-8c52-8ca7be4b6265}</UniqueIdentifier>
    </Filter>
    <Filter Include="Base\WindowsAPI">
      <UniqueIdentifier>{7387fdb4-06d5-4e76-aa9c-c1afb0590d15}</UniqueIdentifier>
    </Filter>
    <Filter Include="Base\Utility">
      <UniqueIdentifier>{02a43233-efe7-4ae5-b711-21008ef76a79}</UniqueIdentifier>
    </Filter>
    <Filter Include="Base\Utility\ImGuiManager">
      <UniqueIdentifier>{89cfb359-69c8-44d5-9425-b29d14d09c13}</UniqueIdentifier>
    </Filter>
    <Filter Include="Base\Utility\GlobalVariables">
      <UniqueIdentifier>{5a8a1e61-5604-4b97-9d47-c8d586815d65}</UniqueIdentifier>
    </Filter>
    <Filter Include="Base\Utility\CSV">
      <UniqueIdentifier>{01c4c8c0-0430-4e5a-88df-bef2f8032388}</UniqueIdentifier>
    </Filter>
    <Filter Include="Base\TextureManager">
      <UniqueIdentifier>{b5566fad-d5fb-43b1-bf56-b5f694b6d9d1}</UniqueIdentifier>
    </Filter>
    <Filter Include="Base\Scene">
      <UniqueIdentifier>{a172ff1c-8ac9-494b-8328-5bcc7b3bcea5}</UniqueIdentifier>
    </Filter>
    <Filter Include="Base\Utility\Logger">
      <UniqueIdentifier>{a2e0d110-ee50-438a-93fb-b5e1b089b773}</UniqueIdentifier>
    </Filter>
    <Filter Include="Base\Utility\StringUtility">
      <UniqueIdentifier>{3b90dc90-c921-4984-b3ee-c61296406c71}</UniqueIdentifier>
    </Filter>
    <Filter Include="Base\Descriptor">
      <UniqueIdentifier>{d2f065f5-37ac-4d30-af2e-b6104d1be4c8}</UniqueIdentifier>
    </Filter>
    <Filter Include="Base\Scene\Manager">
      <UniqueIdentifier>{695ae5ad-350b-47b4-be9c-430748116390}</UniqueIdentifier>
    </Filter>
    <Filter Include="Base\ShaderCompiler">
      <UniqueIdentifier>{8bff4563-cbe9-4dbe-bd84-e345247db75e}</UniqueIdentifier>
    </Filter>
  </ItemGroup>
  <ItemGroup>
    <ClCompile Include="main.cpp">
      <Filter>ソース ファイル</Filter>
    </ClCompile>
    <ClCompile Include="externals\imgui\imgui.cpp">
      <Filter>imgui</Filter>
    </ClCompile>
    <ClCompile Include="externals\imgui\imgui_demo.cpp">
      <Filter>imgui</Filter>
    </ClCompile>
    <ClCompile Include="externals\imgui\imgui_draw.cpp">
      <Filter>imgui</Filter>
    </ClCompile>
    <ClCompile Include="externals\imgui\imgui_impl_dx12.cpp">
      <Filter>imgui</Filter>
    </ClCompile>
    <ClCompile Include="externals\imgui\imgui_impl_win32.cpp">
      <Filter>imgui</Filter>
    </ClCompile>
    <ClCompile Include="externals\imgui\imgui_tables.cpp">
      <Filter>imgui</Filter>
    </ClCompile>
    <ClCompile Include="externals\imgui\imgui_widgets.cpp">
      <Filter>imgui</Filter>
    </ClCompile>
    <ClCompile Include="MathFunction.cpp">
      <Filter>Base\math</Filter>
    </ClCompile>
    <ClCompile Include="Model.cpp">
      <Filter>ソース ファイル</Filter>
    </ClCompile>
    <ClCompile Include="CommandList.cpp">
      <Filter>Base\Command</Filter>
    </ClCompile>
    <ClCompile Include="CommandQueue.cpp">
      <Filter>Base\Command</Filter>
    </ClCompile>
    <ClCompile Include="BackBuffer.cpp">
      <Filter>Base\Buffer</Filter>
    </ClCompile>
    <ClCompile Include="DepthBuffer.cpp">
      <Filter>Base\Buffer</Filter>
    </ClCompile>
    <ClCompile Include="Input.cpp">
      <Filter>Base\Input</Filter>
    </ClCompile>
    <ClCompile Include="ShaderCompiler.cpp">
      <Filter>Base\ShaderCompiler</Filter>
    </ClCompile>
    <ClCompile Include="RootSignature.cpp">
      <Filter>Base\RootSignature</Filter>
    </ClCompile>
    <ClCompile Include="RootParameter.cpp">
      <Filter>Base\RootSignature</Filter>
    </ClCompile>
    <ClCompile Include="PipelineState.cpp">
      <Filter>Base\PipelineState</Filter>
    </ClCompile>
    <ClCompile Include="App.cpp">
      <Filter>Base</Filter>
    </ClCompile>
    <ClCompile Include="Device.cpp">
      <Filter>Base\Device</Filter>
    </ClCompile>
    <ClCompile Include="SwapChain.cpp">
      <Filter>Base\SwapChain</Filter>
    </ClCompile>
    <ClCompile Include="TextureManager.cpp">
      <Filter>Base\TextureManager</Filter>
    </ClCompile>
    <ClCompile Include="Sprite.cpp">
      <Filter>Base\Sprite</Filter>
    </ClCompile>
    <ClCompile Include="Camera.cpp">
      <Filter>Base\Camera</Filter>
    </ClCompile>
    <ClCompile Include="WorldTransform.cpp">
      <Filter>Base</Filter>
    </ClCompile>
    <ClCompile Include="ImGuiManager.cpp">
      <Filter>Base\Utility\ImGuiManager</Filter>
    </ClCompile>
    <ClCompile Include="DebugCamera.cpp">
      <Filter>Base\Camera</Filter>
    </ClCompile>
    <ClCompile Include="FollowCamera.cpp">
      <Filter>Base\Camera</Filter>
    </ClCompile>
    <ClCompile Include="WindowsAPI.cpp">
      <Filter>Base\WindowsAPI</Filter>
    </ClCompile>
    <ClCompile Include="GlobalVariables.cpp">
      <Filter>Base\Utility\GlobalVariables</Filter>
    </ClCompile>
    <ClCompile Include="IScene.cpp">
      <Filter>Base\Scene</Filter>
    </ClCompile>
    <ClCompile Include="TitleScene.cpp">
      <Filter>Base\Scene</Filter>
    </ClCompile>
    <ClCompile Include="StageScene.cpp">
      <Filter>Base\Scene</Filter>
    </ClCompile>
    <ClCompile Include="ClearScene.cpp">
      <Filter>Base\Scene</Filter>
    </ClCompile>
    <ClCompile Include="DirectXCore.cpp">
      <Filter>ソース ファイル</Filter>
    </ClCompile>
    <ClCompile Include="Logger.cpp">
      <Filter>Base\Utility\Logger</Filter>
    </ClCompile>
    <ClCompile Include="StringUtility.cpp">
      <Filter>Base\Utility\StringUtility</Filter>
    </ClCompile>
    <ClCompile Include="DescriptorHandle.cpp">
      <Filter>Base\Descriptor</Filter>
    </ClCompile>
    <ClCompile Include="DescriptorHeap.cpp">
      <Filter>Base\Descriptor</Filter>
    </ClCompile>
    <ClCompile Include="GameManager.cpp">
      <Filter>Base\Scene\Manager</Filter>
    </ClCompile>
  </ItemGroup>
  <ItemGroup>
    <ClInclude Include="externals\imgui\imconfig.h">
      <Filter>imgui</Filter>
    </ClInclude>
    <ClInclude Include="externals\imgui\imgui.h">
      <Filter>imgui</Filter>
    </ClInclude>
    <ClInclude Include="externals\imgui\imgui_impl_dx12.h">
      <Filter>imgui</Filter>
    </ClInclude>
    <ClInclude Include="externals\imgui\imgui_impl_win32.h">
      <Filter>imgui</Filter>
    </ClInclude>
    <ClInclude Include="externals\imgui\imgui_internal.h">
      <Filter>imgui</Filter>
    </ClInclude>
    <ClInclude Include="externals\imgui\imstb_rectpack.h">
      <Filter>imgui</Filter>
    </ClInclude>
    <ClInclude Include="externals\imgui\imstb_textedit.h">
      <Filter>imgui</Filter>
    </ClInclude>
    <ClInclude Include="externals\imgui\imstb_truetype.h">
      <Filter>imgui</Filter>
    </ClInclude>
    <ClInclude Include="Capsule.h">
      <Filter>Base\math\ヘッダー</Filter>
    </ClInclude>
    <ClInclude Include="Vector4.h">
      <Filter>Base\math\ヘッダー</Filter>
    </ClInclude>
    <ClInclude Include="Vector3.h">
      <Filter>Base\math\ヘッダー</Filter>
    </ClInclude>
    <ClInclude Include="Vecter2.h">
      <Filter>Base\math\ヘッダー</Filter>
    </ClInclude>
    <ClInclude Include="Triangle.h">
      <Filter>Base\math\ヘッダー</Filter>
    </ClInclude>
    <ClInclude Include="Sphere.h">
      <Filter>Base\math\ヘッダー</Filter>
    </ClInclude>
    <ClInclude Include="Quaternion.h">
      <Filter>Base\math\ヘッダー</Filter>
    </ClInclude>
    <ClInclude Include="Plane.h">
      <Filter>Base\math\ヘッダー</Filter>
    </ClInclude>
    <ClInclude Include="Physics.h">
      <Filter>Base\math\ヘッダー</Filter>
    </ClInclude>
    <ClInclude Include="OBB.h">
      <Filter>Base\math\ヘッダー</Filter>
    </ClInclude>
    <ClInclude Include="Matrix4x4.h">
      <Filter>Base\math\ヘッダー</Filter>
    </ClInclude>
    <ClInclude Include="Line.h">
      <Filter>Base\math\ヘッダー</Filter>
    </ClInclude>
    <ClInclude Include="AABB.h">
      <Filter>Base\math\ヘッダー</Filter>
    </ClInclude>
    <ClInclude Include="Model.h">
      <Filter>ヘッダー ファイル</Filter>
    </ClInclude>
    <ClInclude Include="CommandQueue.h">
      <Filter>Base\Command</Filter>
    </ClInclude>
    <ClInclude Include="CommandList.h">
      <Filter>Base\Command</Filter>
    </ClInclude>
    <ClInclude Include="BackBuffer.h">
      <Filter>Base\Buffer</Filter>
    </ClInclude>
    <ClInclude Include="DepthBuffer.h">
      <Filter>Base\Buffer</Filter>
    </ClInclude>
    <ClInclude Include="Input.h">
      <Filter>Base\Input</Filter>
    </ClInclude>
    <ClInclude Include="ShaderCompiler.h">
      <Filter>Base\ShaderCompiler</Filter>
    </ClInclude>
    <ClInclude Include="RootSignature.h">
      <Filter>Base\RootSignature</Filter>
    </ClInclude>
    <ClInclude Include="RootParameter.h">
      <Filter>Base\RootSignature</Filter>
    </ClInclude>
    <ClInclude Include="PipelineState.h">
      <Filter>Base\PipelineState</Filter>
    </ClInclude>
    <ClInclude Include="App.h">
      <Filter>Base</Filter>
    </ClInclude>
    <ClInclude Include="Device.h">
      <Filter>Base\Device</Filter>
    </ClInclude>
    <ClInclude Include="SwapChain.h">
      <Filter>Base\SwapChain</Filter>
    </ClInclude>
    <ClInclude Include="TextureManager.h">
      <Filter>Base\TextureManager</Filter>
    </ClInclude>
    <ClInclude Include="Sprite.h">
      <Filter>Base\Sprite</Filter>
    </ClInclude>
    <ClInclude Include="Camera.h">
      <Filter>Base\Camera</Filter>
    </ClInclude>
    <ClInclude Include="WorldTransform.h">
      <Filter>Base</Filter>
    </ClInclude>
    <ClInclude Include="ImGuiManager.h">
      <Filter>Base\Utility\ImGuiManager</Filter>
    </ClInclude>
    <ClInclude Include="FollowCamera.h">
      <Filter>Base\Camera</Filter>
    </ClInclude>
    <ClInclude Include="DebugCamera.h">
      <Filter>Base\Camera</Filter>
    </ClInclude>
    <ClInclude Include="SafeDelete.h">
      <Filter>Base</Filter>
    </ClInclude>
    <ClInclude Include="WindowsAPI.h">
      <Filter>Base\WindowsAPI</Filter>
    </ClInclude>
    <ClInclude Include="GlobalVariables.h">
      <Filter>Base\Utility\GlobalVariables</Filter>
    </ClInclude>
    <ClInclude Include="MathFunction.h">
      <Filter>Base\math</Filter>
    </ClInclude>
    <ClInclude Include="IScene.h">
      <Filter>Base\Scene</Filter>
    </ClInclude>
    <ClInclude Include="TitleScene.h">
      <Filter>Base\Scene</Filter>
    </ClInclude>
    <ClInclude Include="StageScene.h">
      <Filter>Base\Scene</Filter>
    </ClInclude>
    <ClInclude Include="ClearScene.h">
      <Filter>Base\Scene</Filter>
    </ClInclude>
    <ClInclude Include="DirectXCore.h">
      <Filter>ヘッダー ファイル</Filter>
    </ClInclude>
    <ClInclude Include="Logger.h">
      <Filter>Base\Utility\Logger</Filter>
    </ClInclude>
    <ClInclude Include="StringUtility.h">
      <Filter>Base\Utility\StringUtility</Filter>
    </ClInclude>
    <ClInclude Include="DescriptorHandle.h">
      <Filter>Base\Descriptor</Filter>
    </ClInclude>
    <ClInclude Include="DescriptorHeap.h">
      <Filter>Base\Descriptor</Filter>
    </ClInclude>
    <ClInclude Include="GameManager.h">
      <Filter>Base\Scene\Manager</Filter>
    </ClInclude>
  </ItemGroup>
  <ItemGroup>
    <Text Include="externals\imgui\LICENSE.txt">
      <Filter>imgui</Filter>
    </Text>
  </ItemGroup>
  <ItemGroup>
    <FxCompile Include="Resources\Shaders\BasicPS.hlsl">
      <Filter>Shaders</Filter>
    </FxCompile>
    <FxCompile Include="Resources\Shaders\BasicVS.hlsl">
      <Filter>Shaders</Filter>
    </FxCompile>
    <FxCompile Include="Resources\Shaders\Object3d.PS.hlsl">
      <Filter>Shaders</Filter>
    </FxCompile>
    <FxCompile Include="Resources\Shaders\Object3d.VS.hlsl">
      <Filter>Shaders</Filter>
    </FxCompile>
    <FxCompile Include="Resources\Shaders\ParticlePS.hlsl">
      <Filter>Shaders</Filter>
    </FxCompile>
    <FxCompile Include="Resources\Shaders\ParticleVS.hlsl">
      <Filter>Shaders</Filter>
    </FxCompile>
    <FxCompile Include="Resources\Shaders\SpritePS.hlsl">
      <Filter>Shaders</Filter>
    </FxCompile>
    <FxCompile Include="Resources\Shaders\SpriteVS.hlsl">
      <Filter>Shaders</Filter>
    </FxCompile>
  </ItemGroup>
  <ItemGroup>
    <None Include="Resources\Shaders\Object3d.hlsli">
      <Filter>Shaders</Filter>
    </None>
    <None Include="Resources\Shaders\Particle.hlsli">
      <Filter>Shaders</Filter>
    </None>
  </ItemGroup>
</Project>