<?xml version="1.0" encoding="utf-8"?>
<Project ToolsVersion="4.0" xmlns="http://schemas.microsoft.com/developer/msbuild/2003">
  <ItemGroup>
    <Filter Include="ソース ファイル">
      <UniqueIdentifier>{4FC737F1-C7A5-4376-A066-2A32D752A2FF}</UniqueIdentifier>
      <Extensions>cpp;c;cc;cxx;c++;cppm;ixx;def;odl;idl;hpj;bat;asm;asmx</Extensions>
    </Filter>
    <Filter Include="ヘッダー ファイル">
      <UniqueIdentifier>{93995380-89BD-4b04-88EB-625FBE52EBFB}</UniqueIdentifier>
      <Extensions>h;hh;hpp;hxx;h++;hm;inl;inc;ipp;xsd</Extensions>
    </Filter>
    <Filter Include="リソース ファイル">
      <UniqueIdentifier>{67DA6AB6-F800-4c08-8B7A-83BB121AAD01}</UniqueIdentifier>
      <Extensions>rc;ico;cur;bmp;dlg;rc2;rct;bin;rgs;gif;jpg;jpeg;jpe;resx;tiff;tif;png;wav;mfcribbon-ms</Extensions>
    </Filter>
    <Filter Include="Shaders">
      <UniqueIdentifier>{4c6822d5-d1c3-4061-ab7e-ee33108a38f9}</UniqueIdentifier>
    </Filter>
    <Filter Include="Engine">
      <UniqueIdentifier>{f1bba3fc-73a3-4947-8e20-48cdfaaa3dca}</UniqueIdentifier>
    </Filter>
    <Filter Include="Engine\math">
      <UniqueIdentifier>{55dcefdd-a94a-479b-9ae9-29db4b95a019}</UniqueIdentifier>
    </Filter>
    <Filter Include="Engine\math\ヘッダー">
      <UniqueIdentifier>{f5e969c5-6c72-4e18-8c52-8ca7be4b6265}</UniqueIdentifier>
    </Filter>
    <Filter Include="Engine\Utility">
      <UniqueIdentifier>{02a43233-efe7-4ae5-b711-21008ef76a79}</UniqueIdentifier>
    </Filter>
    <Filter Include="Engine\Utility\ImGuiManager">
      <UniqueIdentifier>{89cfb359-69c8-44d5-9425-b29d14d09c13}</UniqueIdentifier>
    </Filter>
    <Filter Include="Engine\Utility\GlobalVariables">
      <UniqueIdentifier>{5a8a1e61-5604-4b97-9d47-c8d586815d65}</UniqueIdentifier>
    </Filter>
    <Filter Include="Engine\Utility\CSV">
      <UniqueIdentifier>{01c4c8c0-0430-4e5a-88df-bef2f8032388}</UniqueIdentifier>
    </Filter>
    <Filter Include="Engine\Utility\Logger">
      <UniqueIdentifier>{a2e0d110-ee50-438a-93fb-b5e1b089b773}</UniqueIdentifier>
    </Filter>
    <Filter Include="Engine\Utility\StringUtility">
      <UniqueIdentifier>{3b90dc90-c921-4984-b3ee-c61296406c71}</UniqueIdentifier>
    </Filter>
    <Filter Include="Engine\Scene">
      <UniqueIdentifier>{a172ff1c-8ac9-494b-8328-5bcc7b3bcea5}</UniqueIdentifier>
    </Filter>
    <Filter Include="Engine\Scene\Manager">
      <UniqueIdentifier>{695ae5ad-350b-47b4-be9c-430748116390}</UniqueIdentifier>
    </Filter>
    <Filter Include="Engine\2D">
      <UniqueIdentifier>{6ed1a822-6702-4677-b7e5-ab3216df5bfd}</UniqueIdentifier>
    </Filter>
    <Filter Include="Engine\2D\Sprite">
      <UniqueIdentifier>{91c4b860-bf26-4cdb-bbe0-e688dd1f333c}</UniqueIdentifier>
    </Filter>
    <Filter Include="Engine\base">
      <UniqueIdentifier>{7b167843-94ba-4807-a67d-75eeade819f0}</UniqueIdentifier>
    </Filter>
    <Filter Include="Engine\base\Buffer">
      <UniqueIdentifier>{6b505418-2434-4c90-b67f-ee58590574e7}</UniqueIdentifier>
    </Filter>
    <Filter Include="Engine\base\Command">
      <UniqueIdentifier>{37298998-38d4-4fa6-9164-7be1263c97e1}</UniqueIdentifier>
    </Filter>
    <Filter Include="Engine\base\Core">
      <UniqueIdentifier>{ba25a4f9-e27a-4283-9178-d385c739494f}</UniqueIdentifier>
    </Filter>
    <Filter Include="Engine\base\Descriptor">
      <UniqueIdentifier>{d2f065f5-37ac-4d30-af2e-b6104d1be4c8}</UniqueIdentifier>
    </Filter>
    <Filter Include="Engine\base\Device">
      <UniqueIdentifier>{69ff564a-678e-4e2b-8db5-ba86d0b9b021}</UniqueIdentifier>
    </Filter>
    <Filter Include="Engine\base\Input">
      <UniqueIdentifier>{6fb25ccb-954b-40be-8d1c-61b120223f34}</UniqueIdentifier>
    </Filter>
    <Filter Include="Engine\3D">
      <UniqueIdentifier>{cf7f3e60-24ac-4bde-acc7-55bb4912e01d}</UniqueIdentifier>
    </Filter>
    <Filter Include="Engine\3D\Camera">
      <UniqueIdentifier>{23768cb8-570d-4d46-881d-ecb2899fd8a2}</UniqueIdentifier>
    </Filter>
    <Filter Include="Engine\base\PipelineState">
      <UniqueIdentifier>{86e8e6b8-5331-47d2-80a8-20c5fc89313e}</UniqueIdentifier>
    </Filter>
    <Filter Include="Engine\base\RootSignature">
      <UniqueIdentifier>{18400839-3c3b-4bd0-8ef6-d2dfb26cf932}</UniqueIdentifier>
    </Filter>
    <Filter Include="Engine\base\ShaderCompiler">
      <UniqueIdentifier>{8bff4563-cbe9-4dbe-bd84-e345247db75e}</UniqueIdentifier>
    </Filter>
    <Filter Include="Engine\base\SwapChain">
      <UniqueIdentifier>{bc8bf980-5f29-4145-b306-7025f49bb950}</UniqueIdentifier>
    </Filter>
    <Filter Include="Engine\2D\TextureManager">
      <UniqueIdentifier>{b5566fad-d5fb-43b1-bf56-b5f694b6d9d1}</UniqueIdentifier>
    </Filter>
    <Filter Include="Engine\base\WindowsAPI">
      <UniqueIdentifier>{7387fdb4-06d5-4e76-aa9c-c1afb0590d15}</UniqueIdentifier>
    </Filter>
    <Filter Include="Engine\3D\Model">
      <UniqueIdentifier>{e5b830ca-2c6d-44d3-9933-ffedbda57e93}</UniqueIdentifier>
    </Filter>
    <Filter Include="Physics">
      <UniqueIdentifier>{b63a02a2-c7aa-472b-ae30-4341d0215ba0}</UniqueIdentifier>
    </Filter>
    <Filter Include="Physics\ヘッダー">
      <UniqueIdentifier>{33d49bcb-996d-463a-bb1e-41febbe7af61}</UniqueIdentifier>
    </Filter>
    <Filter Include="Physics\ソース">
      <UniqueIdentifier>{2bedd24c-73a8-49d0-becd-33fca9a161bc}</UniqueIdentifier>
    </Filter>
    <Filter Include="Engine\Audio">
      <UniqueIdentifier>{3eeb3def-afb5-4cbd-ac6a-659750681000}</UniqueIdentifier>
    </Filter>
    <Filter Include="Engine\3D\Particle">
      <UniqueIdentifier>{fa964afc-2ad2-4761-8d91-7a4eddd277e0}</UniqueIdentifier>
    </Filter>
    <Filter Include="Engine\Utility\PrimitiveDrawer">
      <UniqueIdentifier>{e1d6a804-91fa-4ab3-92b4-77345970d9e8}</UniqueIdentifier>
    </Filter>
    <Filter Include="Add">
      <UniqueIdentifier>{ec72d1f5-e602-45c5-95c3-c868ff7deaef}</UniqueIdentifier>
    </Filter>
  </ItemGroup>
  <ItemGroup>
    <ClCompile Include="main.cpp">
      <Filter>ソース ファイル</Filter>
    </ClCompile>
    <ClCompile Include="Engine\Math\MathFunction.cpp">
      <Filter>Engine\math</Filter>
    </ClCompile>
    <ClCompile Include="Engine\Core\CommandList.cpp">
      <Filter>Engine\base\Command</Filter>
    </ClCompile>
    <ClCompile Include="Engine\Core\CommandQueue.cpp">
      <Filter>Engine\base\Command</Filter>
    </ClCompile>
    <ClCompile Include="Engine\Core\BackBuffer.cpp">
      <Filter>Engine\base\Buffer</Filter>
    </ClCompile>
    <ClCompile Include="Engine\Core\DepthBuffer.cpp">
      <Filter>Engine\base\Buffer</Filter>
    </ClCompile>
    <ClCompile Include="Engine\Input\Input.cpp">
      <Filter>Engine\base\Input</Filter>
    </ClCompile>
    <ClCompile Include="Engine\Core\ShaderCompiler.cpp">
      <Filter>Engine\base\ShaderCompiler</Filter>
    </ClCompile>
    <ClCompile Include="Engine\Core\RootSignature.cpp">
      <Filter>Engine\base\RootSignature</Filter>
    </ClCompile>
    <ClCompile Include="Engine\Core\RootParameter.cpp">
      <Filter>Engine\base\RootSignature</Filter>
    </ClCompile>
    <ClCompile Include="Engine\Core\PipelineState.cpp">
      <Filter>Engine\base\PipelineState</Filter>
    </ClCompile>
    <ClCompile Include="Engine\Core\Device.cpp">
      <Filter>Engine\base\Device</Filter>
    </ClCompile>
    <ClCompile Include="Engine\Core\SwapChain.cpp">
      <Filter>Engine\base\SwapChain</Filter>
    </ClCompile>
    <ClCompile Include="Engine\2D\TextureManager.cpp">
      <Filter>Engine\2D\TextureManager</Filter>
    </ClCompile>
    <ClCompile Include="Engine\2D\Sprite.cpp">
      <Filter>Engine\2D\Sprite</Filter>
    </ClCompile>
    <ClCompile Include="Engine\3D\Camera.cpp">
      <Filter>Engine\3D\Camera</Filter>
    </ClCompile>
    <ClCompile Include="Engine\Utility\ImGuiManager.cpp">
      <Filter>Engine\Utility\ImGuiManager</Filter>
    </ClCompile>
    <ClCompile Include="Engine\3D\DebugCamera.cpp">
      <Filter>Engine\3D\Camera</Filter>
    </ClCompile>
    <ClCompile Include="Engine\3D\FollowCamera.cpp">
      <Filter>Engine\3D\Camera</Filter>
    </ClCompile>
    <ClCompile Include="Engine\Core\WindowsAPI.cpp">
      <Filter>Engine\base\WindowsAPI</Filter>
    </ClCompile>
    <ClCompile Include="Engine\Utility\GlobalVariables.cpp">
      <Filter>Engine\Utility\GlobalVariables</Filter>
    </ClCompile>
    <ClCompile Include="Engine\Scene\IScene.cpp">
      <Filter>Engine\Scene</Filter>
    </ClCompile>
    <ClCompile Include="Engine\Scene\TitleScene.cpp">
      <Filter>Engine\Scene</Filter>
    </ClCompile>
    <ClCompile Include="Engine\Scene\StageScene.cpp">
      <Filter>Engine\Scene</Filter>
    </ClCompile>
    <ClCompile Include="Engine\Scene\ClearScene.cpp">
      <Filter>Engine\Scene</Filter>
    </ClCompile>
    <ClCompile Include="Engine\Utility\Logger.cpp">
      <Filter>Engine\Utility\Logger</Filter>
    </ClCompile>
    <ClCompile Include="Engine\Utility\StringUtility.cpp">
      <Filter>Engine\Utility\StringUtility</Filter>
    </ClCompile>
    <ClCompile Include="Engine\Core\DescriptorHandle.cpp">
      <Filter>Engine\base\Descriptor</Filter>
    </ClCompile>
    <ClCompile Include="Engine\Core\DescriptorHeap.cpp">
      <Filter>Engine\base\Descriptor</Filter>
    </ClCompile>
    <ClCompile Include="Engine\Base\GameManager.cpp">
      <Filter>Engine\Scene\Manager</Filter>
    </ClCompile>
    <ClCompile Include="Engine\Core\DirectXCore.cpp">
      <Filter>Engine\base\Core</Filter>
    </ClCompile>
    <ClCompile Include="Engine\3D\Model.cpp">
      <Filter>Engine\3D\Model</Filter>
    </ClCompile>
    <ClCompile Include="Engine\3D\WorldTransform.cpp">
      <Filter>Engine\3D</Filter>
    </ClCompile>
    <ClCompile Include="Engine\Collider.cpp">
      <Filter>ソース ファイル</Filter>
    </ClCompile>
    <ClCompile Include="Engine\CollisionManager.cpp">
      <Filter>ソース ファイル</Filter>
    </ClCompile>
    <ClCompile Include="Engine\Skydome.cpp">
      <Filter>ソース ファイル</Filter>
    </ClCompile>
    <ClCompile Include="Engine\Collision.cpp">
      <Filter>ソース ファイル</Filter>
    </ClCompile>
    <ClCompile Include="Engine\Audio\Audio.cpp">
      <Filter>Engine\Audio</Filter>
    </ClCompile>
    <ClCompile Include="Engine\3D\Particle.cpp">
      <Filter>Engine\3D\Particle</Filter>
    </ClCompile>
    <ClCompile Include="Engine\3D\ParticleDrawer.cpp">
      <Filter>Engine\3D\Particle</Filter>
    </ClCompile>
    <ClCompile Include="Engine\3D\ParticleManager.cpp">
      <Filter>Engine\3D\Particle</Filter>
    </ClCompile>
    <ClCompile Include="Engine\3D\FireworksParticle.cpp">
      <Filter>Engine\3D\Particle</Filter>
    </ClCompile>
    <ClCompile Include="Engine\3D\BaseParticle.cpp">
      <Filter>Engine\3D\Particle</Filter>
    </ClCompile>
    <ClCompile Include="Engine\Utility\PrimitiveDrawer.cpp">
      <Filter>Engine\Utility\PrimitiveDrawer</Filter>
    </ClCompile>
    <ClCompile Include="Additional\Player.cpp">
      <Filter>Add</Filter>
    </ClCompile>
    <ClCompile Include="Additional\Block.cpp">
      <Filter>Add</Filter>
    </ClCompile>
    <ClCompile Include="Engine\Core\Common.cpp">
      <Filter>ソース ファイル</Filter>
    </ClCompile>
    <ClCompile Include="Engine\3D\SphereDrawer.cpp">
      <Filter>ソース ファイル</Filter>
    </ClCompile>
    <ClCompile Include="Engine\3D\ParticleEmitter.cpp">
      <Filter>ソース ファイル</Filter>
    </ClCompile>
    <ClCompile Include="Engine\Base\Framework.cpp">
      <Filter>ソース ファイル</Filter>
    </ClCompile>
    <ClCompile Include="Engine\Scene\SceneFactory.cpp">
      <Filter>ソース ファイル</Filter>
    </ClCompile>
    <ClCompile Include="Engine\Scene\SceneManager.cpp">
      <Filter>ソース ファイル</Filter>
    </ClCompile>
    <ClCompile Include="Engine\3D\ModelManager.cpp">
      <Filter>ソース ファイル</Filter>
    </ClCompile>
    <ClCompile Include="Engine\Utility\CSV.cpp">
      <Filter>ソース ファイル</Filter>
    </ClCompile>
    <ClCompile Include="Additional\BlockManager.cpp">
      <Filter>ソース ファイル</Filter>
    </ClCompile>
    <ClCompile Include="Engine\Physics\World.cpp">
      <Filter>ソース ファイル</Filter>
    </ClCompile>
    <ClCompile Include="Engine\Animation.cpp">
      <Filter>ソース ファイル</Filter>
    </ClCompile>
    <ClCompile Include="Engine\Format.cpp">
      <Filter>ソース ファイル</Filter>
    </ClCompile>
    <ClCompile Include="Engine\Core\GraphicsPipelineManager.cpp">
      <Filter>ソース ファイル</Filter>
    </ClCompile>
    <ClCompile Include="Engine\Core\GraphicsCommon.cpp">
      <Filter>ソース ファイル</Filter>
    </ClCompile>
    <ClCompile Include="Engine\Core\RenderTexture.cpp">
      <Filter>ソース ファイル</Filter>
    </ClCompile>
    <ClCompile Include="Engine\3D\CameraManager.cpp">
      <Filter>ソース ファイル</Filter>
    </ClCompile>
    <ClCompile Include="Engine\LevelEditor.cpp">
      <Filter>ソース ファイル</Filter>
    </ClCompile>
    <ClCompile Include="Engine\SkyBox.cpp">
      <Filter>ソース ファイル</Filter>
    </ClCompile>
    <ClCompile Include="Engine\Physics\Body.cpp">
      <Filter>ソース ファイル</Filter>
    </ClCompile>
    <ClCompile Include="Engine\Object3D.cpp">
      <Filter>ソース ファイル</Filter>
    </ClCompile>
    <ClCompile Include="Engine\ObjectManager.cpp">
      <Filter>ソース ファイル</Filter>
    </ClCompile>
    <ClCompile Include="Engine\RayCast.cpp">
      <Filter>ソース ファイル</Filter>
    </ClCompile>
    <ClCompile Include="Engine\Scene\SelectScene.cpp">
      <Filter>ソース ファイル</Filter>
    </ClCompile>
    <ClCompile Include="Engine\PostEffect.cpp">
      <Filter>ソース ファイル</Filter>
    </ClCompile>
    <ClCompile Include="Additional\StartObject.cpp">
      <Filter>ソース ファイル</Filter>
    </ClCompile>
    <ClCompile Include="Additional\MoveFloor.cpp">
      <Filter>ソース ファイル</Filter>
    </ClCompile>
  </ItemGroup>
  <ItemGroup>
    <ClInclude Include="Engine\Math\Capsule.h">
      <Filter>Engine\math\ヘッダー</Filter>
    </ClInclude>
    <ClInclude Include="Engine\Math\Vector4.h">
      <Filter>Engine\math\ヘッダー</Filter>
    </ClInclude>
    <ClInclude Include="Engine\Math\Vector3.h">
      <Filter>Engine\math\ヘッダー</Filter>
    </ClInclude>
    <ClInclude Include="Engine\Math\Vecter2.h">
      <Filter>Engine\math\ヘッダー</Filter>
    </ClInclude>
    <ClInclude Include="Engine\Math\Triangle.h">
      <Filter>Engine\math\ヘッダー</Filter>
    </ClInclude>
    <ClInclude Include="Engine\Math\Sphere.h">
      <Filter>Engine\math\ヘッダー</Filter>
    </ClInclude>
    <ClInclude Include="Engine\Math\Quaternion.h">
      <Filter>Engine\math\ヘッダー</Filter>
    </ClInclude>
    <ClInclude Include="Engine\Math\Plane.h">
      <Filter>Engine\math\ヘッダー</Filter>
    </ClInclude>
    <ClInclude Include="Engine\Math\Physics.h">
      <Filter>Engine\math\ヘッダー</Filter>
    </ClInclude>
    <ClInclude Include="Engine\Math\OBB.h">
      <Filter>Engine\math\ヘッダー</Filter>
    </ClInclude>
    <ClInclude Include="Engine\Math\Matrix4x4.h">
      <Filter>Engine\math\ヘッダー</Filter>
    </ClInclude>
    <ClInclude Include="Engine\Math\Line.h">
      <Filter>Engine\math\ヘッダー</Filter>
    </ClInclude>
    <ClInclude Include="Engine\Math\AABB.h">
      <Filter>Engine\math\ヘッダー</Filter>
    </ClInclude>
    <ClInclude Include="Engine\Core\CommandQueue.h">
      <Filter>Engine\base\Command</Filter>
    </ClInclude>
    <ClInclude Include="Engine\Core\CommandList.h">
      <Filter>Engine\base\Command</Filter>
    </ClInclude>
    <ClInclude Include="Engine\Core\BackBuffer.h">
      <Filter>Engine\base\Buffer</Filter>
    </ClInclude>
    <ClInclude Include="Engine\Core\DepthBuffer.h">
      <Filter>Engine\base\Buffer</Filter>
    </ClInclude>
    <ClInclude Include="Engine\Input\Input.h">
      <Filter>Engine\base\Input</Filter>
    </ClInclude>
    <ClInclude Include="Engine\Core\ShaderCompiler.h">
      <Filter>Engine\base\ShaderCompiler</Filter>
    </ClInclude>
    <ClInclude Include="Engine\Core\RootSignature.h">
      <Filter>Engine\base\RootSignature</Filter>
    </ClInclude>
    <ClInclude Include="Engine\Core\RootParameter.h">
      <Filter>Engine\base\RootSignature</Filter>
    </ClInclude>
    <ClInclude Include="Engine\Core\PipelineState.h">
      <Filter>Engine\base\PipelineState</Filter>
    </ClInclude>
    <ClInclude Include="Engine\Core\Device.h">
      <Filter>Engine\base\Device</Filter>
    </ClInclude>
    <ClInclude Include="Engine\Core\SwapChain.h">
      <Filter>Engine\base\SwapChain</Filter>
    </ClInclude>
    <ClInclude Include="Engine\2D\TextureManager.h">
      <Filter>Engine\2D\TextureManager</Filter>
    </ClInclude>
    <ClInclude Include="Engine\2D\Sprite.h">
      <Filter>Engine\2D\Sprite</Filter>
    </ClInclude>
    <ClInclude Include="Engine\3D\Camera.h">
      <Filter>Engine\3D\Camera</Filter>
    </ClInclude>
    <ClInclude Include="Engine\Utility\ImGuiManager.h">
      <Filter>Engine\Utility\ImGuiManager</Filter>
    </ClInclude>
    <ClInclude Include="Engine\3D\FollowCamera.h">
      <Filter>Engine\3D\Camera</Filter>
    </ClInclude>
    <ClInclude Include="Engine\3D\DebugCamera.h">
      <Filter>Engine\3D\Camera</Filter>
    </ClInclude>
    <ClInclude Include="SafeDelete.h">
      <Filter>Engine</Filter>
    </ClInclude>
    <ClInclude Include="Engine\Core\WindowsAPI.h">
      <Filter>Engine\base\WindowsAPI</Filter>
    </ClInclude>
    <ClInclude Include="Engine\Utility\GlobalVariables.h">
      <Filter>Engine\Utility\GlobalVariables</Filter>
    </ClInclude>
    <ClInclude Include="Engine\Math\MathFunction.h">
      <Filter>Engine\math</Filter>
    </ClInclude>
    <ClInclude Include="Engine\Scene\IScene.h">
      <Filter>Engine\Scene</Filter>
    </ClInclude>
    <ClInclude Include="Engine\Scene\TitleScene.h">
      <Filter>Engine\Scene</Filter>
    </ClInclude>
    <ClInclude Include="Engine\Scene\StageScene.h">
      <Filter>Engine\Scene</Filter>
    </ClInclude>
    <ClInclude Include="Engine\Scene\ClearScene.h">
      <Filter>Engine\Scene</Filter>
    </ClInclude>
    <ClInclude Include="Engine\Utility\Logger.h">
      <Filter>Engine\Utility\Logger</Filter>
    </ClInclude>
    <ClInclude Include="Engine\Utility\StringUtility.h">
      <Filter>Engine\Utility\StringUtility</Filter>
    </ClInclude>
    <ClInclude Include="Engine\Core\DescriptorHandle.h">
      <Filter>Engine\base\Descriptor</Filter>
    </ClInclude>
    <ClInclude Include="Engine\Core\DescriptorHeap.h">
      <Filter>Engine\base\Descriptor</Filter>
    </ClInclude>
    <ClInclude Include="Engine\Base\GameManager.h">
      <Filter>Engine\Scene\Manager</Filter>
    </ClInclude>
    <ClInclude Include="Engine\Core\DirectXCore.h">
      <Filter>Engine\base\Core</Filter>
    </ClInclude>
    <ClInclude Include="Engine\3D\Model.h">
      <Filter>Engine\3D\Model</Filter>
    </ClInclude>
    <ClInclude Include="Engine\3D\WorldTransform.h">
      <Filter>Engine\3D</Filter>
    </ClInclude>
    <ClInclude Include="Engine\Collider.h">
      <Filter>ヘッダー ファイル</Filter>
    </ClInclude>
    <ClInclude Include="Engine\CollisionConfig.h">
      <Filter>ヘッダー ファイル</Filter>
    </ClInclude>
    <ClInclude Include="Engine\CollisionManager.h">
      <Filter>ヘッダー ファイル</Filter>
    </ClInclude>
    <ClInclude Include="Engine\Skydome.h">
      <Filter>ヘッダー ファイル</Filter>
    </ClInclude>
    <ClInclude Include="Engine\Collision.h">
      <Filter>ヘッダー ファイル</Filter>
    </ClInclude>
    <ClInclude Include="Engine\Audio\Audio.h">
      <Filter>Engine\Audio</Filter>
    </ClInclude>
    <ClInclude Include="Engine\3D\FireworksParticle.h">
      <Filter>Engine\3D\Particle</Filter>
    </ClInclude>
    <ClInclude Include="Engine\3D\Particle.h">
      <Filter>Engine\3D\Particle</Filter>
    </ClInclude>
    <ClInclude Include="Engine\3D\ParticleDrawer.h">
      <Filter>Engine\3D\Particle</Filter>
    </ClInclude>
    <ClInclude Include="Engine\3D\ParticleManager.h">
      <Filter>Engine\3D\Particle</Filter>
    </ClInclude>
    <ClInclude Include="Engine\3D\BaseParticle.h">
      <Filter>Engine\3D\Particle</Filter>
    </ClInclude>
    <ClInclude Include="Engine\Math\Random.h">
      <Filter>Engine\math</Filter>
    </ClInclude>
    <ClInclude Include="Engine\Utility\PrimitiveDrawer.h">
      <Filter>Engine\Utility\PrimitiveDrawer</Filter>
    </ClInclude>
    <ClInclude Include="Engine\Math\Transform.h">
      <Filter>Engine\math\ヘッダー</Filter>
    </ClInclude>
    <ClInclude Include="Additional\Player.h">
      <Filter>Add</Filter>
    </ClInclude>
    <ClInclude Include="Additional\Block.h">
      <Filter>Add</Filter>
    </ClInclude>
    <ClInclude Include="Engine\Core\Common.h">
      <Filter>ヘッダー ファイル</Filter>
    </ClInclude>
    <ClInclude Include="Engine\3D\SphereDrawer.h">
      <Filter>ヘッダー ファイル</Filter>
    </ClInclude>
    <ClInclude Include="Engine\3D\PointLight.h">
      <Filter>ヘッダー ファイル</Filter>
    </ClInclude>
    <ClInclude Include="Engine\3D\ParticleEmitter.h">
      <Filter>Engine\3D\Particle</Filter>
    </ClInclude>
    <ClInclude Include="Engine\Base\Framework.h">
      <Filter>ヘッダー ファイル</Filter>
    </ClInclude>
    <ClInclude Include="Engine\Scene\AbstractSceneFactory.h">
      <Filter>ヘッダー ファイル</Filter>
    </ClInclude>
    <ClInclude Include="Engine\Scene\SceneFactory.h">
      <Filter>ヘッダー ファイル</Filter>
    </ClInclude>
    <ClInclude Include="Engine\Scene\SceneManager.h">
      <Filter>ヘッダー ファイル</Filter>
    </ClInclude>
    <ClInclude Include="Engine\3D\ModelManager.h">
      <Filter>ヘッダー ファイル</Filter>
    </ClInclude>
    <ClInclude Include="Engine\Utility\CSV.h">
      <Filter>ヘッダー ファイル</Filter>
    </ClInclude>
    <ClInclude Include="Additional\BlockManager.h">
      <Filter>ヘッダー ファイル</Filter>
    </ClInclude>
    <ClInclude Include="Engine\Physics\World.h">
      <Filter>ヘッダー ファイル</Filter>
    </ClInclude>
    <ClInclude Include="Engine\Keyframe.h">
      <Filter>ヘッダー ファイル</Filter>
    </ClInclude>
    <ClInclude Include="Engine\Animation.h">
      <Filter>ヘッダー ファイル</Filter>
    </ClInclude>
    <ClInclude Include="Engine\Format.h">
      <Filter>ヘッダー ファイル</Filter>
    </ClInclude>
    <ClInclude Include="Engine\Core\GraphicsPipelineManager.h">
      <Filter>ヘッダー ファイル</Filter>
    </ClInclude>
    <ClInclude Include="Engine\Core\GraphicsCommon.h">
      <Filter>ヘッダー ファイル</Filter>
    </ClInclude>
    <ClInclude Include="Engine\Core\RenderTexture.h">
      <Filter>ヘッダー ファイル</Filter>
    </ClInclude>
    <ClInclude Include="Engine\PostEffect.h">
      <Filter>ヘッダー ファイル</Filter>
    </ClInclude>
    <ClInclude Include="Engine\3D\CameraManager.h">
      <Filter>ヘッダー ファイル</Filter>
    </ClInclude>
    <ClInclude Include="Engine\LevelEditor.h">
      <Filter>ヘッダー ファイル</Filter>
    </ClInclude>
    <ClInclude Include="Engine\LevelData.h">
      <Filter>ヘッダー ファイル</Filter>
    </ClInclude>
    <ClInclude Include="Engine\RootBindingsCommon.h">
      <Filter>ヘッダー ファイル</Filter>
    </ClInclude>
    <ClInclude Include="Engine\SkyBox.h">
      <Filter>ヘッダー ファイル</Filter>
    </ClInclude>
    <ClInclude Include="Engine\Physics\Body.h">
      <Filter>ヘッダー ファイル</Filter>
    </ClInclude>
    <ClInclude Include="Engine\Object3D.h">
      <Filter>ヘッダー ファイル</Filter>
    </ClInclude>
    <ClInclude Include="Engine\ObjectManager.h">
      <Filter>ヘッダー ファイル</Filter>
    </ClInclude>
    <ClInclude Include="Engine\CommonData.h">
      <Filter>ヘッダー ファイル</Filter>
    </ClInclude>
    <ClInclude Include="Engine\RayCast.h">
      <Filter>ヘッダー ファイル</Filter>
    </ClInclude>
    <ClInclude Include="Engine\Scene\SelectScene.h">
      <Filter>ヘッダー ファイル</Filter>
    </ClInclude>
    <ClInclude Include="Additional\StartObject.h">
      <Filter>ヘッダー ファイル</Filter>
    </ClInclude>
    <ClInclude Include="Additional\EndObject.h">
      <Filter>ヘッダー ファイル</Filter>
    </ClInclude>
    <ClInclude Include="Additional\MoveFloor.h">
      <Filter>ヘッダー ファイル</Filter>
    </ClInclude>
  </ItemGroup>
  <ItemGroup>
    <FxCompile Include="Resources\Shaders\BasicPS.hlsl">
      <Filter>Shaders</Filter>
    </FxCompile>
    <FxCompile Include="Resources\Shaders\BasicVS.hlsl">
      <Filter>Shaders</Filter>
    </FxCompile>
    <FxCompile Include="Resources\Shaders\Object3d.PS.hlsl">
      <Filter>Shaders</Filter>
    </FxCompile>
    <FxCompile Include="Resources\Shaders\Object3d.VS.hlsl">
      <Filter>Shaders</Filter>
    </FxCompile>
    <FxCompile Include="Resources\Shaders\SpriteVS.hlsl">
      <Filter>Shaders</Filter>
    </FxCompile>
    <FxCompile Include="Resources\Shaders\SpritePS.hlsl">
      <Filter>Shaders</Filter>
    </FxCompile>
    <FxCompile Include="Resources\Shaders\Primitive.VS.hlsl">
      <Filter>Shaders</Filter>
    </FxCompile>
    <FxCompile Include="Resources\Shaders\Primitive.PS.hlsl">
      <Filter>Shaders</Filter>
    </FxCompile>
    <FxCompile Include="Resources\Shaders\Fullscreen.VS.hlsl" />
    <FxCompile Include="Resources\Shaders\Grayscale.PS.hlsl" />
    <FxCompile Include="Resources\Shaders\Vignette.PS.hlsl" />
    <FxCompile Include="Resources\Shaders\BoxFilter.PS.hlsl" />
    <FxCompile Include="Resources\Shaders\GaussianFilter.PS.hlsl" />
    <FxCompile Include="Resources\Shaders\LuminanceBasedOutline.PS.hlsl" />
    <FxCompile Include="Resources\Shaders\DepthBasedOutline.PS.hlsl" />
    <FxCompile Include="Resources\Shaders\RadialBlur.PS.hlsl" />
    <FxCompile Include="Resources\Shaders\SkinningObject3d.VS.hlsl" />
    <FxCompile Include="Resources\Shaders\CopyImage.PS.hlsl" />
    <FxCompile Include="Resources\Shaders\Skybox.PS.hlsl" />
    <FxCompile Include="Resources\Shaders\Skybox.VS.hlsl" />
    <FxCompile Include="Resources\Shaders\Line.VS.hlsl" />
    <FxCompile Include="Resources\Shaders\Line.PS.hlsl" />
  </ItemGroup>
  <ItemGroup>
    <None Include="Resources\Shaders\Object3d.hlsli">
      <Filter>Shaders</Filter>
    </None>
    <None Include="Resources\Shaders\Primitive.hlsli">
      <Filter>Shaders</Filter>
    </None>
    <None Include="Resources\Shaders\Fullscreen.hlsli" />
    <None Include="Resources\Shaders\Skybox.hlsli" />
    <None Include="Resources\Shaders\Line.hlsli" />
  </ItemGroup>
</Project>