
Microsoft Visual Studio Solution File, Format Version 12.00
# Visual Studio Version 17
VisualStudioVersion = 17.6.33815.320
MinimumVisualStudioVersion = 10.0.40219.1
Project("{8BC9CEB8-8B4A-11D0-8D11-00A0C91BC942}") = "yunity", "yunity.vcxproj", "{0AD86B96-C0F4-4D55-BB3E-5D7AC5860A0D}"
EndProject
Project("{2150E333-8FDC-42A3-9474-1A3956D46DE8}") = "ソリューション項目", "ソリューション項目", "{EA81B362-D20F-4151-BA0E-5AA24782D038}"
	ProjectSection(SolutionItems) = preProject
		.editorconfig = .editorconfig
	EndProjectSection
EndProject
Project("{8BC9CEB8-8B4A-11D0-8D11-00A0C91BC942}") = "DirectXTex", "externals\DirectXTex\DirectXTex_Desktop_2022_Win10.vcxproj", "{371B9FA9-4C90-4AC6-A123-ACED756D6C77}"
EndProject
Project("{2150E333-8FDC-42A3-9474-1A3956D46DE8}") = "External", "External", "{57A37DE6-A35A-4AEA-ADB6-D37EF78A53DE}"
EndProject
Project("{8BC9CEB8-8B4A-11D0-8D11-00A0C91BC942}") = "imgui", "imgui\imgui.vcxproj", "{D0F9137E-9738-418E-9DE1-B5CA17B027BD}"
EndProject
Global
	GlobalSection(SolutionConfigurationPlatforms) = preSolution
		Debug|ARM64 = Debug|ARM64
		Debug|x64 = Debug|x64
		Debug|x86 = Debug|x86
		Profile|ARM64 = Profile|ARM64
		Profile|x64 = Profile|x64
		Profile|x86 = Profile|x86
		Release|ARM64 = Release|ARM64
		Release|x64 = Release|x64
		Release|x86 = Release|x86
	EndGlobalSection
	GlobalSection(ProjectConfigurationPlatforms) = postSolution
		{0AD86B96-C0F4-4D55-BB3E-5D7AC5860A0D}.Debug|ARM64.ActiveCfg = Debug|x64
		{0AD86B96-C0F4-4D55-BB3E-5D7AC5860A0D}.Debug|ARM64.Build.0 = Debug|x64
		{0AD86B96-C0F4-4D55-BB3E-5D7AC5860A0D}.Debug|x64.ActiveCfg = Debug|x64
		{0AD86B96-C0F4-4D55-BB3E-5D7AC5860A0D}.Debug|x64.Build.0 = Debug|x64
		{0AD86B96-C0F4-4D55-BB3E-5D7AC5860A0D}.Debug|x86.ActiveCfg = Debug|x64
		{0AD86B96-C0F4-4D55-BB3E-5D7AC5860A0D}.Debug|x86.Build.0 = Debug|x64
		{0AD86B96-C0F4-4D55-BB3E-5D7AC5860A0D}.Profile|ARM64.ActiveCfg = Release|x64
		{0AD86B96-C0F4-4D55-BB3E-5D7AC5860A0D}.Profile|ARM64.Build.0 = Release|x64
		{0AD86B96-C0F4-4D55-BB3E-5D7AC5860A0D}.Profile|x64.ActiveCfg = Release|x64
		{0AD86B96-C0F4-4D55-BB3E-5D7AC5860A0D}.Profile|x64.Build.0 = Release|x64
		{0AD86B96-C0F4-4D55-BB3E-5D7AC5860A0D}.Profile|x86.ActiveCfg = Release|x64
		{0AD86B96-C0F4-4D55-BB3E-5D7AC5860A0D}.Profile|x86.Build.0 = Release|x64
		{0AD86B96-C0F4-4D55-BB3E-5D7AC5860A0D}.Release|ARM64.ActiveCfg = Release|x64
		{0AD86B96-C0F4-4D55-BB3E-5D7AC5860A0D}.Release|ARM64.Build.0 = Release|x64
		{0AD86B96-C0F4-4D55-BB3E-5D7AC5860A0D}.Release|x64.ActiveCfg = Release|x64
		{0AD86B96-C0F4-4D55-BB3E-5D7AC5860A0D}.Release|x64.Build.0 = Release|x64
		{0AD86B96-C0F4-4D55-BB3E-5D7AC5860A0D}.Release|x86.ActiveCfg = Release|x64
		{0AD86B96-C0F4-4D55-BB3E-5D7AC5860A0D}.Release|x86.Build.0 = Release|x64
		{371B9FA9-4C90-4AC6-A123-ACED756D6C77}.Debug|ARM64.ActiveCfg = Debug|ARM64
		{371B9FA9-4C90-4AC6-A123-ACED756D6C77}.Debug|ARM64.Build.0 = Debug|ARM64
		{371B9FA9-4C90-4AC6-A123-ACED756D6C77}.Debug|x64.ActiveCfg = Debug|x64
		{371B9FA9-4C90-4AC6-A123-ACED756D6C77}.Debug|x64.Build.0 = Debug|x64
		{371B9FA9-4C90-4AC6-A123-ACED756D6C77}.Debug|x86.ActiveCfg = Debug|Win32
		{371B9FA9-4C90-4AC6-A123-ACED756D6C77}.Debug|x86.Build.0 = Debug|Win32
		{371B9FA9-4C90-4AC6-A123-ACED756D6C77}.Profile|ARM64.ActiveCfg = Profile|ARM64
		{371B9FA9-4C90-4AC6-A123-ACED756D6C77}.Profile|ARM64.Build.0 = Profile|ARM64
		{371B9FA9-4C90-4AC6-A123-ACED756D6C77}.Profile|x64.ActiveCfg = Profile|x64
		{371B9FA9-4C90-4AC6-A123-ACED756D6C77}.Profile|x64.Build.0 = Profile|x64
		{371B9FA9-4C90-4AC6-A123-ACED756D6C77}.Profile|x86.ActiveCfg = Profile|Win32
		{371B9FA9-4C90-4AC6-A123-ACED756D6C77}.Profile|x86.Build.0 = Profile|Win32
		{371B9FA9-4C90-4AC6-A123-ACED756D6C77}.Release|ARM64.ActiveCfg = Release|ARM64
		{371B9FA9-4C90-4AC6-A123-ACED756D6C77}.Release|ARM64.Build.0 = Release|ARM64
		{371B9FA9-4C90-4AC6-A123-ACED756D6C77}.Release|x64.ActiveCfg = Release|x64
		{371B9FA9-4C90-4AC6-A123-ACED756D6C77}.Release|x64.Build.0 = Release|x64
		{371B9FA9-4C90-4AC6-A123-ACED756D6C77}.Release|x86.ActiveCfg = Release|Win32
		{371B9FA9-4C90-4AC6-A123-ACED756D6C77}.Release|x86.Build.0 = Release|Win32
		{D0F9137E-9738-418E-9DE1-B5CA17B027BD}.Debug|ARM64.ActiveCfg = Debug|x64
		{D0F9137E-9738-418E-9DE1-B5CA17B027BD}.Debug|ARM64.Build.0 = Debug|x64
		{D0F9137E-9738-418E-9DE1-B5CA17B027BD}.Debug|x64.ActiveCfg = Debug|x64
		{D0F9137E-9738-418E-9DE1-B5CA17B027BD}.Debug|x64.Build.0 = Debug|x64
		{D0F9137E-9738-418E-9DE1-B5CA17B027BD}.Debug|x86.ActiveCfg = Debug|Win32
		{D0F9137E-9738-418E-9DE1-B5CA17B027BD}.Debug|x86.Build.0 = Debug|Win32
		{D0F9137E-9738-418E-9DE1-B5CA17B027BD}.Profile|ARM64.ActiveCfg = Debug|x64
		{D0F9137E-9738-418E-9DE1-B5CA17B027BD}.Profile|ARM64.Build.0 = Debug|x64
		{D0F9137E-9738-418E-9DE1-B5CA17B027BD}.Profile|x64.ActiveCfg = Debug|x64
		{D0F9137E-9738-418E-9DE1-B5CA17B027BD}.Profile|x64.Build.0 = Debug|x64
		{D0F9137E-9738-418E-9DE1-B5CA17B027BD}.Profile|x86.ActiveCfg = Debug|Win32
		{D0F9137E-9738-418E-9DE1-B5CA17B027BD}.Profile|x86.Build.0 = Debug|Win32
		{D0F9137E-9738-418E-9DE1-B5CA17B027BD}.Release|ARM64.ActiveCfg = Release|x64
		{D0F9137E-9738-418E-9DE1-B5CA17B027BD}.Release|ARM64.Build.0 = Release|x64
		{D0F9137E-9738-418E-9DE1-B5CA17B027BD}.Release|x64.ActiveCfg = Release|x64
		{D0F9137E-9738-418E-9DE1-B5CA17B027BD}.Release|x64.Build.0 = Release|x64
		{D0F9137E-9738-418E-9DE1-B5CA17B027BD}.Release|x86.ActiveCfg = Release|Win32
		{D0F9137E-9738-418E-9DE1-B5CA17B027BD}.Release|x86.Build.0 = Release|Win32
	EndGlobalSection
	GlobalSection(SolutionProperties) = preSolution
		HideSolutionNode = FALSE
	EndGlobalSection
	GlobalSection(NestedProjects) = preSolution
		{371B9FA9-4C90-4AC6-A123-ACED756D6C77} = {57A37DE6-A35A-4AEA-ADB6-D37EF78A53DE}
		{D0F9137E-9738-418E-9DE1-B5CA17B027BD} = {57A37DE6-A35A-4AEA-ADB6-D37EF78A53DE}
	EndGlobalSection
	GlobalSection(ExtensibilityGlobals) = postSolution
		SolutionGuid = {A1294649-48BE-4E45-B678-A835C7DA7CFC}
	EndGlobalSection
EndGlobal
