<?xml version="1.0" encoding="utf-8"?>
<Project ToolsVersion="4.0" xmlns="http://schemas.microsoft.com/developer/msbuild/2003">
  <ItemGroup>
    <Filter Include="ソース ファイル">
      <UniqueIdentifier>{4FC737F1-C7A5-4376-A066-2A32D752A2FF}</UniqueIdentifier>
      <Extensions>cpp;c;cc;cxx;c++;cppm;ixx;def;odl;idl;hpj;bat;asm;asmx</Extensions>
    </Filter>
    <Filter Include="ヘッダー ファイル">
      <UniqueIdentifier>{93995380-89BD-4b04-88EB-625FBE52EBFB}</UniqueIdentifier>
      <Extensions>h;hh;hpp;hxx;h++;hm;inl;inc;ipp;xsd</Extensions>
    </Filter>
    <Filter Include="リソース ファイル">
      <UniqueIdentifier>{67DA6AB6-F800-4c08-8B7A-83BB121AAD01}</UniqueIdentifier>
      <Extensions>rc;ico;cur;bmp;dlg;rc2;rct;bin;rgs;gif;jpg;jpeg;jpe;resx;tiff;tif;png;wav;mfcribbon-ms</Extensions>
    </Filter>
    <Filter Include="Shaders">
      <UniqueIdentifier>{4c6822d5-d1c3-4061-ab7e-ee33108a38f9}</UniqueIdentifier>
    </Filter>
    <Filter Include="Engine">
      <UniqueIdentifier>{f1bba3fc-73a3-4947-8e20-48cdfaaa3dca}</UniqueIdentifier>
    </Filter>
    <Filter Include="Engine\math">
      <UniqueIdentifier>{55dcefdd-a94a-479b-9ae9-29db4b95a019}</UniqueIdentifier>
    </Filter>
    <Filter Include="Engine\math\ヘッダー">
      <UniqueIdentifier>{f5e969c5-6c72-4e18-8c52-8ca7be4b6265}</UniqueIdentifier>
    </Filter>
    <Filter Include="Engine\Utility">
      <UniqueIdentifier>{02a43233-efe7-4ae5-b711-21008ef76a79}</UniqueIdentifier>
    </Filter>
    <Filter Include="Engine\Utility\ImGuiManager">
      <UniqueIdentifier>{89cfb359-69c8-44d5-9425-b29d14d09c13}</UniqueIdentifier>
    </Filter>
    <Filter Include="Engine\Utility\GlobalVariables">
      <UniqueIdentifier>{5a8a1e61-5604-4b97-9d47-c8d586815d65}</UniqueIdentifier>
    </Filter>
    <Filter Include="Engine\Utility\CSV">
      <UniqueIdentifier>{01c4c8c0-0430-4e5a-88df-bef2f8032388}</UniqueIdentifier>
    </Filter>
    <Filter Include="Engine\Utility\Logger">
      <UniqueIdentifier>{a2e0d110-ee50-438a-93fb-b5e1b089b773}</UniqueIdentifier>
    </Filter>
    <Filter Include="Engine\Utility\StringUtility">
      <UniqueIdentifier>{3b90dc90-c921-4984-b3ee-c61296406c71}</UniqueIdentifier>
    </Filter>
    <Filter Include="Engine\Scene">
      <UniqueIdentifier>{a172ff1c-8ac9-494b-8328-5bcc7b3bcea5}</UniqueIdentifier>
    </Filter>
    <Filter Include="Engine\2D">
      <UniqueIdentifier>{6ed1a822-6702-4677-b7e5-ab3216df5bfd}</UniqueIdentifier>
    </Filter>
    <Filter Include="Engine\2D\Sprite">
      <UniqueIdentifier>{91c4b860-bf26-4cdb-bbe0-e688dd1f333c}</UniqueIdentifier>
    </Filter>
    <Filter Include="Engine\base">
      <UniqueIdentifier>{7b167843-94ba-4807-a67d-75eeade819f0}</UniqueIdentifier>
    </Filter>
    <Filter Include="Engine\base\Buffer">
      <UniqueIdentifier>{6b505418-2434-4c90-b67f-ee58590574e7}</UniqueIdentifier>
    </Filter>
    <Filter Include="Engine\base\Command">
      <UniqueIdentifier>{37298998-38d4-4fa6-9164-7be1263c97e1}</UniqueIdentifier>
    </Filter>
    <Filter Include="Engine\base\Core">
      <UniqueIdentifier>{ba25a4f9-e27a-4283-9178-d385c739494f}</UniqueIdentifier>
    </Filter>
    <Filter Include="Engine\base\Descriptor">
      <UniqueIdentifier>{d2f065f5-37ac-4d30-af2e-b6104d1be4c8}</UniqueIdentifier>
    </Filter>
    <Filter Include="Engine\base\Device">
      <UniqueIdentifier>{69ff564a-678e-4e2b-8db5-ba86d0b9b021}</UniqueIdentifier>
    </Filter>
    <Filter Include="Engine\base\Input">
      <UniqueIdentifier>{6fb25ccb-954b-40be-8d1c-61b120223f34}</UniqueIdentifier>
    </Filter>
    <Filter Include="Engine\3D">
      <UniqueIdentifier>{cf7f3e60-24ac-4bde-acc7-55bb4912e01d}</UniqueIdentifier>
    </Filter>
    <Filter Include="Engine\3D\Camera">
      <UniqueIdentifier>{23768cb8-570d-4d46-881d-ecb2899fd8a2}</UniqueIdentifier>
    </Filter>
    <Filter Include="Engine\base\PipelineState">
      <UniqueIdentifier>{86e8e6b8-5331-47d2-80a8-20c5fc89313e}</UniqueIdentifier>
    </Filter>
    <Filter Include="Engine\base\RootSignature">
      <UniqueIdentifier>{18400839-3c3b-4bd0-8ef6-d2dfb26cf932}</UniqueIdentifier>
    </Filter>
    <Filter Include="Engine\base\ShaderCompiler">
      <UniqueIdentifier>{8bff4563-cbe9-4dbe-bd84-e345247db75e}</UniqueIdentifier>
    </Filter>
    <Filter Include="Engine\base\SwapChain">
      <UniqueIdentifier>{bc8bf980-5f29-4145-b306-7025f49bb950}</UniqueIdentifier>
    </Filter>
    <Filter Include="Engine\2D\TextureManager">
      <UniqueIdentifier>{b5566fad-d5fb-43b1-bf56-b5f694b6d9d1}</UniqueIdentifier>
    </Filter>
    <Filter Include="Engine\base\WindowsAPI">
      <UniqueIdentifier>{7387fdb4-06d5-4e76-aa9c-c1afb0590d15}</UniqueIdentifier>
    </Filter>
    <Filter Include="Engine\3D\Model">
      <UniqueIdentifier>{e5b830ca-2c6d-44d3-9933-ffedbda57e93}</UniqueIdentifier>
    </Filter>
    <Filter Include="Physics">
      <UniqueIdentifier>{b63a02a2-c7aa-472b-ae30-4341d0215ba0}</UniqueIdentifier>
    </Filter>
    <Filter Include="Engine\Audio">
      <UniqueIdentifier>{3eeb3def-afb5-4cbd-ac6a-659750681000}</UniqueIdentifier>
    </Filter>
    <Filter Include="Engine\3D\Particle">
      <UniqueIdentifier>{fa964afc-2ad2-4761-8d91-7a4eddd277e0}</UniqueIdentifier>
    </Filter>
    <Filter Include="Engine\Utility\PrimitiveDrawer">
      <UniqueIdentifier>{e1d6a804-91fa-4ab3-92b4-77345970d9e8}</UniqueIdentifier>
    </Filter>
    <Filter Include="Add">
      <UniqueIdentifier>{ec72d1f5-e602-45c5-95c3-c868ff7deaef}</UniqueIdentifier>
    </Filter>
    <Filter Include="Engine\3D\Animation">
      <UniqueIdentifier>{086846c2-4d33-4aa7-972f-794d4c096331}</UniqueIdentifier>
    </Filter>
    <Filter Include="Engine\3D\Light">
      <UniqueIdentifier>{c70a97bd-2e00-4be4-bf8d-74cefa9561f2}</UniqueIdentifier>
    </Filter>
    <Filter Include="Physics\Body">
      <UniqueIdentifier>{0defadf3-5cd7-436e-8dba-5fa0bfe4aed6}</UniqueIdentifier>
    </Filter>
    <Filter Include="Physics\World">
      <UniqueIdentifier>{80e3fa39-08c7-43fa-b6aa-13123a99fcd4}</UniqueIdentifier>
    </Filter>
    <Filter Include="Physics\Collider">
      <UniqueIdentifier>{ae95e3c6-dd29-4780-9668-1819461f4dbc}</UniqueIdentifier>
    </Filter>
    <Filter Include="Physics\Collision">
      <UniqueIdentifier>{95c4fbf4-fe7a-495b-86c7-e7760201aa9b}</UniqueIdentifier>
    </Filter>
    <Filter Include="Physics\RayCast">
      <UniqueIdentifier>{7c917dc5-d5bc-4201-9f85-59d4a5455bbe}</UniqueIdentifier>
    </Filter>
    <Filter Include="Physics\Joint">
      <UniqueIdentifier>{3d89f286-346d-4df9-883b-8aa280fb23ca}</UniqueIdentifier>
    </Filter>
    <Filter Include="Engine\base\Framework">
      <UniqueIdentifier>{36f886e5-cfa1-45ff-b481-47ee09194a43}</UniqueIdentifier>
    </Filter>
    <Filter Include="Engine\base\EventTrigger">
      <UniqueIdentifier>{e2b010b5-ca74-4720-9850-936b317db399}</UniqueIdentifier>
    </Filter>
    <Filter Include="Engine\base\Graphics">
      <UniqueIdentifier>{2d62f4f1-351d-4f14-8371-edb5ee548976}</UniqueIdentifier>
    </Filter>
    <Filter Include="Engine\base\Level">
      <UniqueIdentifier>{1358ee0b-cbca-48dd-bd2f-4c09bbeec782}</UniqueIdentifier>
    </Filter>
    <Filter Include="Engine\base\PostEffect">
      <UniqueIdentifier>{973e80a3-884f-4c9b-9ba1-ef4ec8c8586d}</UniqueIdentifier>
    </Filter>
    <Filter Include="Engine\base\RenderTexture">
      <UniqueIdentifier>{6c74bb21-aef5-4c38-a2eb-c4c527bd5761}</UniqueIdentifier>
    </Filter>
    <Filter Include="Engine\base\Object">
      <UniqueIdentifier>{7dcff3d9-0c06-44ca-9bc8-3357b9c5fde6}</UniqueIdentifier>
    </Filter>
    <Filter Include="Engine\base\Skydome">
      <UniqueIdentifier>{f7804ce3-31bd-4c8b-8ff7-338e7e22b342}</UniqueIdentifier>
    </Filter>
    <Filter Include="Engine\base\Skybox">
      <UniqueIdentifier>{fbbb63fa-675f-4ba6-870b-4a3431695c18}</UniqueIdentifier>
    </Filter>
    <Filter Include="Engine\base\CommonData">
      <UniqueIdentifier>{3bb2d34c-8d7e-49ae-85fb-1be1ca51abd3}</UniqueIdentifier>
    </Filter>
    <Filter Include="Engine\base\GameManager">
      <UniqueIdentifier>{5405a045-e432-4c38-befd-d818d361aeab}</UniqueIdentifier>
    </Filter>
    <Filter Include="Engine\base\Common">
      <UniqueIdentifier>{05035206-42d4-42d2-8c94-124ce3275209}</UniqueIdentifier>
    </Filter>
    <Filter Include="Engine\3D\Sphere">
      <UniqueIdentifier>{4e5139fa-c124-48b2-98ab-ca15516bec62}</UniqueIdentifier>
    </Filter>
    <Filter Include="Engine\Utility\Format">
      <UniqueIdentifier>{5bb15cb7-9020-42f6-9785-b45f23ce26cd}</UniqueIdentifier>
    </Filter>
  </ItemGroup>
  <ItemGroup>
    <ClCompile Include="Engine\main.cpp">
      <Filter>ソース ファイル</Filter>
    </ClCompile>
    <ClCompile Include="Engine\Math\MathFunction.cpp">
      <Filter>Engine\math</Filter>
    </ClCompile>
    <ClCompile Include="Engine\Core\CommandList.cpp">
      <Filter>Engine\base\Command</Filter>
    </ClCompile>
    <ClCompile Include="Engine\Core\CommandQueue.cpp">
      <Filter>Engine\base\Command</Filter>
    </ClCompile>
    <ClCompile Include="Engine\Core\BackBuffer.cpp">
      <Filter>Engine\base\Buffer</Filter>
    </ClCompile>
    <ClCompile Include="Engine\Core\DepthBuffer.cpp">
      <Filter>Engine\base\Buffer</Filter>
    </ClCompile>
    <ClCompile Include="Engine\Input\Input.cpp">
      <Filter>Engine\base\Input</Filter>
    </ClCompile>
    <ClCompile Include="Engine\Core\ShaderCompiler.cpp">
      <Filter>Engine\base\ShaderCompiler</Filter>
    </ClCompile>
    <ClCompile Include="Engine\Core\RootSignature.cpp">
      <Filter>Engine\base\RootSignature</Filter>
    </ClCompile>
    <ClCompile Include="Engine\Core\RootParameter.cpp">
      <Filter>Engine\base\RootSignature</Filter>
    </ClCompile>
    <ClCompile Include="Engine\Core\PipelineState.cpp">
      <Filter>Engine\base\PipelineState</Filter>
    </ClCompile>
    <ClCompile Include="Engine\Core\Device.cpp">
      <Filter>Engine\base\Device</Filter>
    </ClCompile>
    <ClCompile Include="Engine\Core\SwapChain.cpp">
      <Filter>Engine\base\SwapChain</Filter>
    </ClCompile>
    <ClCompile Include="Engine\2D\TextureManager.cpp">
      <Filter>Engine\2D\TextureManager</Filter>
    </ClCompile>
    <ClCompile Include="Engine\2D\Sprite.cpp">
      <Filter>Engine\2D\Sprite</Filter>
    </ClCompile>
    <ClCompile Include="Engine\3D\Camera.cpp">
      <Filter>Engine\3D\Camera</Filter>
    </ClCompile>
    <ClCompile Include="Engine\Utility\ImGuiManager.cpp">
      <Filter>Engine\Utility\ImGuiManager</Filter>
    </ClCompile>
    <ClCompile Include="Engine\3D\DebugCamera.cpp">
      <Filter>Engine\3D\Camera</Filter>
    </ClCompile>
    <ClCompile Include="Engine\3D\FollowCamera.cpp">
      <Filter>Engine\3D\Camera</Filter>
    </ClCompile>
    <ClCompile Include="Engine\Core\WindowsAPI.cpp">
      <Filter>Engine\base\WindowsAPI</Filter>
    </ClCompile>
    <ClCompile Include="Engine\Utility\GlobalVariables.cpp">
      <Filter>Engine\Utility\GlobalVariables</Filter>
    </ClCompile>
    <ClCompile Include="Engine\Scene\IScene.cpp">
      <Filter>Engine\Scene</Filter>
    </ClCompile>
    <ClCompile Include="Engine\Scene\TitleScene.cpp">
      <Filter>Engine\Scene</Filter>
    </ClCompile>
    <ClCompile Include="Engine\Scene\StageScene.cpp">
      <Filter>Engine\Scene</Filter>
    </ClCompile>
    <ClCompile Include="Engine\Scene\ClearScene.cpp">
      <Filter>Engine\Scene</Filter>
    </ClCompile>
    <ClCompile Include="Engine\Utility\Logger.cpp">
      <Filter>Engine\Utility\Logger</Filter>
    </ClCompile>
    <ClCompile Include="Engine\Utility\StringUtility.cpp">
      <Filter>Engine\Utility\StringUtility</Filter>
    </ClCompile>
    <ClCompile Include="Engine\Core\DescriptorHandle.cpp">
      <Filter>Engine\base\Descriptor</Filter>
    </ClCompile>
    <ClCompile Include="Engine\Core\DescriptorHeap.cpp">
      <Filter>Engine\base\Descriptor</Filter>
    </ClCompile>
    <ClCompile Include="Engine\Core\DirectXCore.cpp">
      <Filter>Engine\base\Core</Filter>
    </ClCompile>
    <ClCompile Include="Engine\3D\Model.cpp">
      <Filter>Engine\3D\Model</Filter>
    </ClCompile>
    <ClCompile Include="Engine\3D\WorldTransform.cpp">
      <Filter>Engine\3D</Filter>
    </ClCompile>
    <ClCompile Include="Engine\Audio\Audio.cpp">
      <Filter>Engine\Audio</Filter>
    </ClCompile>
    <ClCompile Include="Engine\Particle\Particle.cpp">
      <Filter>Engine\3D\Particle</Filter>
    </ClCompile>
    <ClCompile Include="Engine\Particle\ParticleDrawer.cpp">
      <Filter>Engine\3D\Particle</Filter>
    </ClCompile>
    <ClCompile Include="Engine\Manager\ParticleManager.cpp">
      <Filter>Engine\3D\Particle</Filter>
    </ClCompile>
    <ClCompile Include="Engine\Particle\FireworksParticle.cpp">
      <Filter>Engine\3D\Particle</Filter>
    </ClCompile>
    <ClCompile Include="Engine\Particle\BaseParticle.cpp">
      <Filter>Engine\3D\Particle</Filter>
    </ClCompile>
    <ClCompile Include="Engine\Utility\PrimitiveDrawer.cpp">
      <Filter>Engine\Utility\PrimitiveDrawer</Filter>
    </ClCompile>
    <ClCompile Include="Additional\Player.cpp">
      <Filter>Add</Filter>
    </ClCompile>
    <ClCompile Include="Engine\3D\Animation.cpp">
      <Filter>Engine\3D\Animation</Filter>
    </ClCompile>
    <ClCompile Include="Engine\Physics\Body.cpp">
      <Filter>Physics\Body</Filter>
    </ClCompile>
    <ClCompile Include="Engine\Physics\Collision.cpp">
      <Filter>Physics\Collision</Filter>
    </ClCompile>
    <ClCompile Include="Engine\Manager\CollisionManager.cpp">
      <Filter>Physics\Collision</Filter>
    </ClCompile>
    <ClCompile Include="Engine\Manager\CameraManager.cpp">
      <Filter>Engine\3D\Camera</Filter>
    </ClCompile>
    <ClCompile Include="Additional\Coin.cpp">
      <Filter>Add</Filter>
    </ClCompile>
    <ClCompile Include="Engine\Physics\Collider.cpp">
      <Filter>Physics\Collider</Filter>
    </ClCompile>
    <ClCompile Include="Engine\Base\GameManager.cpp">
      <Filter>Engine\base\GameManager</Filter>
    </ClCompile>
    <ClCompile Include="Engine\Base\CommonData.cpp">
      <Filter>Engine\base\CommonData</Filter>
    </ClCompile>
    <ClCompile Include="Engine\Utility\CSV.cpp">
      <Filter>Engine\Utility\CSV</Filter>
    </ClCompile>
    <ClCompile Include="Engine\Base\EventTrigger.cpp">
      <Filter>Engine\base\EventTrigger</Filter>
    </ClCompile>
    <ClCompile Include="Engine\Base\Framework.cpp">
      <Filter>Engine\base\Framework</Filter>
    </ClCompile>
    <ClCompile Include="Engine\Core\GraphicsCommon.cpp">
      <Filter>Engine\base\Graphics</Filter>
    </ClCompile>
    <ClCompile Include="Engine\Core\GraphicsPipelineManager.cpp">
      <Filter>Engine\base\Graphics</Filter>
    </ClCompile>
    <ClCompile Include="Engine\Base\LevelEditor.cpp">
      <Filter>Engine\base\Level</Filter>
    </ClCompile>
    <ClCompile Include="Engine\Manager\ModelManager.cpp">
      <Filter>Engine\3D\Model</Filter>
    </ClCompile>
    <ClCompile Include="Additional\MoveFloor.cpp">
      <Filter>Add</Filter>
    </ClCompile>
    <ClCompile Include="Engine\Math\OBB.cpp">
      <Filter>Engine\math</Filter>
    </ClCompile>
    <ClCompile Include="Engine\Base\Object3D.cpp">
      <Filter>Engine\base\Object</Filter>
    </ClCompile>
    <ClCompile Include="Engine\Manager\BaseObjectManager.cpp">
      <Filter>Engine\base\Object</Filter>
    </ClCompile>
    <ClCompile Include="Additional\TV.cpp">
      <Filter>Add</Filter>
    </ClCompile>
    <ClCompile Include="Additional\Score.cpp">
      <Filter>Add</Filter>
    </ClCompile>
    <ClCompile Include="Engine\Particle\ParticleEmitter.cpp">
      <Filter>Engine\3D\Particle</Filter>
    </ClCompile>
    <ClCompile Include="Engine\PostEffect\PostEffect.cpp">
      <Filter>Engine\base\PostEffect</Filter>
    </ClCompile>
    <ClCompile Include="Engine\Physics\RayCast.cpp">
      <Filter>Physics\RayCast</Filter>
    </ClCompile>
    <ClCompile Include="Engine\Core\RenderTexture.cpp">
      <Filter>Engine\base\RenderTexture</Filter>
    </ClCompile>
    <ClCompile Include="Engine\Scene\SceneFactory.cpp">
      <Filter>Engine\Scene</Filter>
    </ClCompile>
    <ClCompile Include="Engine\Manager\SceneManager.cpp">
      <Filter>Engine\Scene</Filter>
    </ClCompile>
    <ClCompile Include="Engine\Scene\SelectScene.cpp">
      <Filter>Engine\Scene</Filter>
    </ClCompile>
    <ClCompile Include="Engine\Base\SkyBox.cpp">
      <Filter>Engine\base\Skybox</Filter>
    </ClCompile>
    <ClCompile Include="Engine\Base\Skydome.cpp">
      <Filter>Engine\base\Skydome</Filter>
    </ClCompile>
    <ClCompile Include="Engine\Physics\SpringJoint.cpp">
      <Filter>Physics\Joint</Filter>
    </ClCompile>
    <ClCompile Include="Engine\Physics\World.cpp">
      <Filter>Physics\World</Filter>
    </ClCompile>
    <ClCompile Include="Engine\Core\Common.cpp">
      <Filter>Engine\base\Common</Filter>
    </ClCompile>
    <ClCompile Include="Engine\3D\SphereDrawer.cpp">
      <Filter>Engine\3D\Sphere</Filter>
    </ClCompile>
    <ClCompile Include="Engine\Utility\Format.cpp">
      <Filter>Engine\Utility\Format</Filter>
    </ClCompile>
    <ClCompile Include="Engine\Scene\Tradition.cpp">
      <Filter>ソース ファイル</Filter>
    </ClCompile>
    <ClCompile Include="Engine\Physics\Joint.cpp">
      <Filter>ソース ファイル</Filter>
    </ClCompile>
    <ClCompile Include="Engine\Physics\PulleyJoint.cpp">
      <Filter>ソース ファイル</Filter>
    </ClCompile>
    <ClCompile Include="Engine\Physics\Shape.cpp">
      <Filter>ソース ファイル</Filter>
    </ClCompile>
    <ClCompile Include="Additional\Cloth.cpp">
      <Filter>ソース ファイル</Filter>
    </ClCompile>
    <ClCompile Include="Additional\SpringBoard.cpp">
      <Filter>ソース ファイル</Filter>
    </ClCompile>
    <ClCompile Include="Engine\Physics\FixedJoint.cpp">
      <Filter>ソース ファイル</Filter>
    </ClCompile>
    <ClCompile Include="Additional\ObjectManager.cpp">
      <Filter>ソース ファイル</Filter>
    </ClCompile>
    <ClCompile Include="Additional\SmokeParticle.cpp">
      <Filter>ソース ファイル</Filter>
    </ClCompile>
    <ClCompile Include="Additional\PointParticle.cpp">
      <Filter>ソース ファイル</Filter>
    </ClCompile>
    <ClCompile Include="Additional\ForceField.cpp">
      <Filter>ソース ファイル</Filter>
    </ClCompile>
    <ClCompile Include="Additional\WindParticle.cpp">
      <Filter>ソース ファイル</Filter>
    </ClCompile>
    <ClCompile Include="Additional\RotationCube.cpp">
      <Filter>ソース ファイル</Filter>
    </ClCompile>
    <ClCompile Include="Additional\FloatingParticle.cpp">
      <Filter>ソース ファイル</Filter>
    </ClCompile>
    <ClCompile Include="Additional\Signboard.cpp">
      <Filter>ソース ファイル</Filter>
    </ClCompile>
    <ClCompile Include="Additional\SelectTV.cpp">
      <Filter>ソース ファイル</Filter>
    </ClCompile>
    <ClCompile Include="Additional\CheckPoint.cpp">
      <Filter>ソース ファイル</Filter>
    </ClCompile>
    <ClCompile Include="Engine\3D\DirectionLight.cpp">
      <Filter>ソース ファイル</Filter>
    </ClCompile>
    <ClCompile Include="Additional\Wire.cpp">
      <Filter>ソース ファイル</Filter>
    </ClCompile>
  </ItemGroup>
  <ItemGroup>
    <ClInclude Include="Engine\Math\Capsule.h">
      <Filter>Engine\math\ヘッダー</Filter>
    </ClInclude>
    <ClInclude Include="Engine\Math\Vector4.h">
      <Filter>Engine\math\ヘッダー</Filter>
    </ClInclude>
    <ClInclude Include="Engine\Math\Vector3.h">
      <Filter>Engine\math\ヘッダー</Filter>
    </ClInclude>
    <ClInclude Include="Engine\Math\Vecter2.h">
      <Filter>Engine\math\ヘッダー</Filter>
    </ClInclude>
    <ClInclude Include="Engine\Math\Triangle.h">
      <Filter>Engine\math\ヘッダー</Filter>
    </ClInclude>
    <ClInclude Include="Engine\Math\Sphere.h">
      <Filter>Engine\math\ヘッダー</Filter>
    </ClInclude>
    <ClInclude Include="Engine\Math\Quaternion.h">
      <Filter>Engine\math\ヘッダー</Filter>
    </ClInclude>
    <ClInclude Include="Engine\Math\Plane.h">
      <Filter>Engine\math\ヘッダー</Filter>
    </ClInclude>
    <ClInclude Include="Engine\Physics\Physics.h">
      <Filter>Engine\math\ヘッダー</Filter>
    </ClInclude>
    <ClInclude Include="Engine\Math\OBB.h">
      <Filter>Engine\math\ヘッダー</Filter>
    </ClInclude>
    <ClInclude Include="Engine\Math\Matrix4x4.h">
      <Filter>Engine\math\ヘッダー</Filter>
    </ClInclude>
    <ClInclude Include="Engine\Math\Line.h">
      <Filter>Engine\math\ヘッダー</Filter>
    </ClInclude>
    <ClInclude Include="Engine\Math\AABB.h">
      <Filter>Engine\math\ヘッダー</Filter>
    </ClInclude>
    <ClInclude Include="Engine\Core\CommandQueue.h">
      <Filter>Engine\base\Command</Filter>
    </ClInclude>
    <ClInclude Include="Engine\Core\CommandList.h">
      <Filter>Engine\base\Command</Filter>
    </ClInclude>
    <ClInclude Include="Engine\Core\BackBuffer.h">
      <Filter>Engine\base\Buffer</Filter>
    </ClInclude>
    <ClInclude Include="Engine\Core\DepthBuffer.h">
      <Filter>Engine\base\Buffer</Filter>
    </ClInclude>
    <ClInclude Include="Engine\Input\Input.h">
      <Filter>Engine\base\Input</Filter>
    </ClInclude>
    <ClInclude Include="Engine\Core\ShaderCompiler.h">
      <Filter>Engine\base\ShaderCompiler</Filter>
    </ClInclude>
    <ClInclude Include="Engine\Core\RootSignature.h">
      <Filter>Engine\base\RootSignature</Filter>
    </ClInclude>
    <ClInclude Include="Engine\Core\RootParameter.h">
      <Filter>Engine\base\RootSignature</Filter>
    </ClInclude>
    <ClInclude Include="Engine\Core\PipelineState.h">
      <Filter>Engine\base\PipelineState</Filter>
    </ClInclude>
    <ClInclude Include="Engine\Core\Device.h">
      <Filter>Engine\base\Device</Filter>
    </ClInclude>
    <ClInclude Include="Engine\Core\SwapChain.h">
      <Filter>Engine\base\SwapChain</Filter>
    </ClInclude>
    <ClInclude Include="Engine\2D\TextureManager.h">
      <Filter>Engine\2D\TextureManager</Filter>
    </ClInclude>
    <ClInclude Include="Engine\2D\Sprite.h">
      <Filter>Engine\2D\Sprite</Filter>
    </ClInclude>
    <ClInclude Include="Engine\3D\Camera.h">
      <Filter>Engine\3D\Camera</Filter>
    </ClInclude>
    <ClInclude Include="Engine\Utility\ImGuiManager.h">
      <Filter>Engine\Utility\ImGuiManager</Filter>
    </ClInclude>
    <ClInclude Include="Engine\3D\FollowCamera.h">
      <Filter>Engine\3D\Camera</Filter>
    </ClInclude>
    <ClInclude Include="Engine\3D\DebugCamera.h">
      <Filter>Engine\3D\Camera</Filter>
    </ClInclude>
    <ClInclude Include="SafeDelete.h">
      <Filter>Engine</Filter>
    </ClInclude>
    <ClInclude Include="Engine\Core\WindowsAPI.h">
      <Filter>Engine\base\WindowsAPI</Filter>
    </ClInclude>
    <ClInclude Include="Engine\Utility\GlobalVariables.h">
      <Filter>Engine\Utility\GlobalVariables</Filter>
    </ClInclude>
    <ClInclude Include="Engine\Scene\IScene.h">
      <Filter>Engine\Scene</Filter>
    </ClInclude>
    <ClInclude Include="Engine\Scene\TitleScene.h">
      <Filter>Engine\Scene</Filter>
    </ClInclude>
    <ClInclude Include="Engine\Scene\StageScene.h">
      <Filter>Engine\Scene</Filter>
    </ClInclude>
    <ClInclude Include="Engine\Scene\ClearScene.h">
      <Filter>Engine\Scene</Filter>
    </ClInclude>
    <ClInclude Include="Engine\Utility\Logger.h">
      <Filter>Engine\Utility\Logger</Filter>
    </ClInclude>
    <ClInclude Include="Engine\Utility\StringUtility.h">
      <Filter>Engine\Utility\StringUtility</Filter>
    </ClInclude>
    <ClInclude Include="Engine\Core\DescriptorHandle.h">
      <Filter>Engine\base\Descriptor</Filter>
    </ClInclude>
    <ClInclude Include="Engine\Core\DescriptorHeap.h">
      <Filter>Engine\base\Descriptor</Filter>
    </ClInclude>
    <ClInclude Include="Engine\Core\DirectXCore.h">
      <Filter>Engine\base\Core</Filter>
    </ClInclude>
    <ClInclude Include="Engine\3D\Model.h">
      <Filter>Engine\3D\Model</Filter>
    </ClInclude>
    <ClInclude Include="Engine\3D\WorldTransform.h">
      <Filter>Engine\3D</Filter>
    </ClInclude>
    <ClInclude Include="Engine\Audio\Audio.h">
      <Filter>Engine\Audio</Filter>
    </ClInclude>
    <ClInclude Include="Engine\Particle\FireworksParticle.h">
      <Filter>Engine\3D\Particle</Filter>
    </ClInclude>
    <ClInclude Include="Engine\Particle\Particle.h">
      <Filter>Engine\3D\Particle</Filter>
    </ClInclude>
    <ClInclude Include="Engine\Particle\ParticleDrawer.h">
      <Filter>Engine\3D\Particle</Filter>
    </ClInclude>
    <ClInclude Include="Engine\Manager\ParticleManager.h">
      <Filter>Engine\3D\Particle</Filter>
    </ClInclude>
    <ClInclude Include="Engine\Particle\BaseParticle.h">
      <Filter>Engine\3D\Particle</Filter>
    </ClInclude>
    <ClInclude Include="Engine\Utility\PrimitiveDrawer.h">
      <Filter>Engine\Utility\PrimitiveDrawer</Filter>
    </ClInclude>
    <ClInclude Include="Engine\Math\Transform.h">
      <Filter>Engine\math\ヘッダー</Filter>
    </ClInclude>
    <ClInclude Include="Additional\Player.h">
      <Filter>Add</Filter>
    </ClInclude>
    <ClInclude Include="Engine\Particle\ParticleEmitter.h">
      <Filter>Engine\3D\Particle</Filter>
    </ClInclude>
    <ClInclude Include="Additional\Coin.h">
      <Filter>Add</Filter>
    </ClInclude>
    <ClInclude Include="Engine\Scene\AbstractSceneFactory.h">
      <Filter>Engine\Scene</Filter>
    </ClInclude>
    <ClInclude Include="Engine\Manager\CameraManager.h">
      <Filter>Engine\3D\Camera</Filter>
    </ClInclude>
    <ClInclude Include="Engine\Utility\CSV.h">
      <Filter>Engine\Utility\CSV</Filter>
    </ClInclude>
    <ClInclude Include="Additional\MoveFloor.h">
      <Filter>Add</Filter>
    </ClInclude>
    <ClInclude Include="Engine\Scene\SceneFactory.h">
      <Filter>Engine\Scene</Filter>
    </ClInclude>
    <ClInclude Include="Engine\Manager\SceneManager.h">
      <Filter>Engine\Scene</Filter>
    </ClInclude>
    <ClInclude Include="Additional\Score.h">
      <Filter>Add</Filter>
    </ClInclude>
    <ClInclude Include="Engine\Scene\SelectScene.h">
      <Filter>Engine\Scene</Filter>
    </ClInclude>
    <ClInclude Include="Additional\TV.h">
      <Filter>Add</Filter>
    </ClInclude>
    <ClInclude Include="Engine\3D\Animation.h">
      <Filter>Engine\3D\Animation</Filter>
    </ClInclude>
    <ClInclude Include="Engine\3D\Keyframe.h">
      <Filter>Engine\3D\Animation</Filter>
    </ClInclude>
    <ClInclude Include="Engine\Manager\ModelManager.h">
      <Filter>Engine\3D\Model</Filter>
    </ClInclude>
    <ClInclude Include="Engine\3D\PointLight.h">
      <Filter>Engine\3D\Light</Filter>
    </ClInclude>
    <ClInclude Include="Engine\Physics\Body.h">
      <Filter>Physics\Body</Filter>
    </ClInclude>
    <ClInclude Include="Engine\Physics\Collider.h">
      <Filter>Physics\Collider</Filter>
    </ClInclude>
    <ClInclude Include="Engine\Physics\Collision.h">
      <Filter>Physics\Collision</Filter>
    </ClInclude>
    <ClInclude Include="Engine\Physics\CollisionConfig.h">
      <Filter>Physics\Collision</Filter>
    </ClInclude>
    <ClInclude Include="Engine\Manager\CollisionManager.h">
      <Filter>Physics\Collision</Filter>
    </ClInclude>
    <ClInclude Include="Engine\Physics\RayCast.h">
      <Filter>Physics\RayCast</Filter>
    </ClInclude>
    <ClInclude Include="Engine\Physics\SpringJoint.h">
      <Filter>Physics\Joint</Filter>
    </ClInclude>
    <ClInclude Include="Engine\Physics\World.h">
      <Filter>Physics\World</Filter>
    </ClInclude>
    <ClInclude Include="Engine\Base\CommonData.h">
      <Filter>Engine\base\CommonData</Filter>
    </ClInclude>
    <ClInclude Include="Engine\Base\Framework.h">
      <Filter>Engine\base\Framework</Filter>
    </ClInclude>
    <ClInclude Include="Engine\Base\EventTrigger.h">
      <Filter>Engine\base\EventTrigger</Filter>
    </ClInclude>
    <ClInclude Include="Engine\Core\GraphicsPipelineManager.h">
      <Filter>Engine\base\Graphics</Filter>
    </ClInclude>
    <ClInclude Include="Engine\Core\GraphicsCommon.h">
      <Filter>Engine\base\Graphics</Filter>
    </ClInclude>
    <ClInclude Include="Engine\Base\LevelData.h">
      <Filter>Engine\base\Level</Filter>
    </ClInclude>
    <ClInclude Include="Engine\Base\LevelEditor.h">
      <Filter>Engine\base\Level</Filter>
    </ClInclude>
    <ClInclude Include="Engine\Core\RootBindingsCommon.h">
      <Filter>Engine\base\RootSignature</Filter>
    </ClInclude>
    <ClInclude Include="Engine\PostEffect\PostEffect.h">
      <Filter>Engine\base\PostEffect</Filter>
    </ClInclude>
    <ClInclude Include="Engine\Core\RenderTexture.h">
      <Filter>Engine\base\RenderTexture</Filter>
    </ClInclude>
    <ClInclude Include="Engine\Manager\BaseObjectManager.h">
      <Filter>Engine\base\Object</Filter>
    </ClInclude>
    <ClInclude Include="Engine\Base\Object3D.h">
      <Filter>Engine\base\Object</Filter>
    </ClInclude>
    <ClInclude Include="Engine\Base\SkyBox.h">
      <Filter>Engine\base\Skybox</Filter>
    </ClInclude>
    <ClInclude Include="Engine\Base\Skydome.h">
      <Filter>Engine\base\Skydome</Filter>
    </ClInclude>
    <ClInclude Include="Engine\Base\GameManager.h">
      <Filter>Engine\base\GameManager</Filter>
    </ClInclude>
    <ClInclude Include="Engine\Math\Random.h">
      <Filter>Engine\math\ヘッダー</Filter>
    </ClInclude>
    <ClInclude Include="Engine\Math\MathFunction.h">
      <Filter>Engine\math\ヘッダー</Filter>
    </ClInclude>
    <ClInclude Include="Engine\Core\Common.h">
      <Filter>Engine\base\Common</Filter>
    </ClInclude>
    <ClInclude Include="Engine\3D\SphereDrawer.h">
      <Filter>Engine\3D\Sphere</Filter>
    </ClInclude>
    <ClInclude Include="Engine\Utility\Format.h">
      <Filter>Engine\Utility\Format</Filter>
    </ClInclude>
    <ClInclude Include="Engine\Scene\Tradition.h">
      <Filter>ヘッダー ファイル</Filter>
    </ClInclude>
    <ClInclude Include="Engine\Math\Matrix3x3.h">
      <Filter>ヘッダー ファイル</Filter>
    </ClInclude>
    <ClInclude Include="Engine\Physics\Joint.h">
      <Filter>ヘッダー ファイル</Filter>
    </ClInclude>
    <ClInclude Include="Engine\Physics\PulleyJoint.h">
      <Filter>ヘッダー ファイル</Filter>
    </ClInclude>
    <ClInclude Include="Engine\Physics\Shape.h">
      <Filter>ヘッダー ファイル</Filter>
    </ClInclude>
    <ClInclude Include="Additional\Cloth.h">
      <Filter>ヘッダー ファイル</Filter>
    </ClInclude>
    <ClInclude Include="Engine\Base\Tag.h">
      <Filter>ヘッダー ファイル</Filter>
    </ClInclude>
    <ClInclude Include="Additional\SpringBoard.h">
      <Filter>ヘッダー ファイル</Filter>
    </ClInclude>
    <ClInclude Include="Engine\Physics\FixedJoint.h">
      <Filter>ヘッダー ファイル</Filter>
    </ClInclude>
    <ClInclude Include="Engine\Core\ResourceLeakChecker.h">
      <Filter>ヘッダー ファイル</Filter>
    </ClInclude>
    <ClInclude Include="Additional\ObjectManager.h">
      <Filter>ヘッダー ファイル</Filter>
    </ClInclude>
    <ClInclude Include="Additional\SmokeParticle.h">
      <Filter>ヘッダー ファイル</Filter>
    </ClInclude>
    <ClInclude Include="Additional\PointParticle.h">
      <Filter>ヘッダー ファイル</Filter>
    </ClInclude>
    <ClInclude Include="Engine\Utility\EngineTimeStep.h">
      <Filter>ヘッダー ファイル</Filter>
    </ClInclude>
    <ClInclude Include="Additional\ForceField.h">
      <Filter>ヘッダー ファイル</Filter>
    </ClInclude>
    <ClInclude Include="Additional\WindParticle.h">
      <Filter>ヘッダー ファイル</Filter>
    </ClInclude>
    <ClInclude Include="Additional\RotationCube.h">
      <Filter>ヘッダー ファイル</Filter>
    </ClInclude>
    <ClInclude Include="Engine\Physics\JointData.h">
      <Filter>ヘッダー ファイル</Filter>
    </ClInclude>
    <ClInclude Include="Additional\FloatingParticle.h">
      <Filter>ヘッダー ファイル</Filter>
    </ClInclude>
    <ClInclude Include="Additional\Signboard.h">
      <Filter>ヘッダー ファイル</Filter>
    </ClInclude>
    <ClInclude Include="Additional\SelectTV.h">
      <Filter>ヘッダー ファイル</Filter>
    </ClInclude>
    <ClInclude Include="Additional\CheckPoint.h">
      <Filter>ヘッダー ファイル</Filter>
    </ClInclude>
    <ClInclude Include="Engine\3D\DirectionLight.h">
      <Filter>ヘッダー ファイル</Filter>
    </ClInclude>
    <ClInclude Include="Additional\Wire.h">
      <Filter>ヘッダー ファイル</Filter>
    </ClInclude>
  </ItemGroup>
  <ItemGroup>
    <FxCompile Include="Resources\Shaders\BasicPS.hlsl">
      <Filter>Shaders</Filter>
    </FxCompile>
    <FxCompile Include="Resources\Shaders\BasicVS.hlsl">
      <Filter>Shaders</Filter>
    </FxCompile>
    <FxCompile Include="Resources\Shaders\Object3d.PS.hlsl">
      <Filter>Shaders</Filter>
    </FxCompile>
    <FxCompile Include="Resources\Shaders\Object3d.VS.hlsl">
      <Filter>Shaders</Filter>
    </FxCompile>
    <FxCompile Include="Resources\Shaders\SpriteVS.hlsl">
      <Filter>Shaders</Filter>
    </FxCompile>
    <FxCompile Include="Resources\Shaders\SpritePS.hlsl">
      <Filter>Shaders</Filter>
    </FxCompile>
    <FxCompile Include="Resources\Shaders\Primitive.VS.hlsl">
      <Filter>Shaders</Filter>
    </FxCompile>
    <FxCompile Include="Resources\Shaders\Primitive.PS.hlsl">
      <Filter>Shaders</Filter>
    </FxCompile>
    <FxCompile Include="Resources\Shaders\BoxFilter.PS.hlsl">
      <Filter>Shaders</Filter>
    </FxCompile>
    <FxCompile Include="Resources\Shaders\CopyImage.PS.hlsl">
      <Filter>Shaders</Filter>
    </FxCompile>
    <FxCompile Include="Resources\Shaders\DepthBasedOutline.PS.hlsl">
      <Filter>Shaders</Filter>
    </FxCompile>
    <FxCompile Include="Resources\Shaders\Fullscreen.VS.hlsl">
      <Filter>Shaders</Filter>
    </FxCompile>
    <FxCompile Include="Resources\Shaders\GaussianFilter.PS.hlsl">
      <Filter>Shaders</Filter>
    </FxCompile>
    <FxCompile Include="Resources\Shaders\Grayscale.PS.hlsl">
      <Filter>Shaders</Filter>
    </FxCompile>
    <FxCompile Include="Resources\Shaders\HSVFilter.PS.hlsl">
      <Filter>Shaders</Filter>
    </FxCompile>
    <FxCompile Include="Resources\Shaders\Line.PS.hlsl">
      <Filter>Shaders</Filter>
    </FxCompile>
    <FxCompile Include="Resources\Shaders\Line.VS.hlsl">
      <Filter>Shaders</Filter>
    </FxCompile>
    <FxCompile Include="Resources\Shaders\LuminanceBasedOutline.PS.hlsl">
      <Filter>Shaders</Filter>
    </FxCompile>
    <FxCompile Include="Resources\Shaders\RadialBlur.PS.hlsl">
      <Filter>Shaders</Filter>
    </FxCompile>
    <FxCompile Include="Resources\Shaders\SkinningObject3d.VS.hlsl">
      <Filter>Shaders</Filter>
    </FxCompile>
    <FxCompile Include="Resources\Shaders\Skybox.VS.hlsl">
      <Filter>Shaders</Filter>
    </FxCompile>
    <FxCompile Include="Resources\Shaders\Skybox.PS.hlsl">
      <Filter>Shaders</Filter>
    </FxCompile>
    <FxCompile Include="Resources\Shaders\Vignette.PS.hlsl">
      <Filter>Shaders</Filter>
    </FxCompile>
    <FxCompile Include="Resources\Shaders\ShadowMap.VS.hlsl" />
    <FxCompile Include="Resources\Shaders\Object3DShadowMap.VS.hlsl" />
    <FxCompile Include="Resources\Shaders\Object3DShadowMap.PS.hlsl" />
  </ItemGroup>
  <ItemGroup>
    <None Include="Resources\Shaders\Object3d.hlsli">
      <Filter>Shaders</Filter>
    </None>
    <None Include="Resources\Shaders\Primitive.hlsli">
      <Filter>Shaders</Filter>
    </None>
    <None Include="Resources\Shaders\Fullscreen.hlsli">
      <Filter>Shaders</Filter>
    </None>
    <None Include="Resources\Shaders\Interconversion.hlsli">
      <Filter>Shaders</Filter>
    </None>
    <None Include="Resources\Shaders\Line.hlsli">
      <Filter>Shaders</Filter>
    </None>
    <None Include="Resources\Shaders\Skybox.hlsli">
      <Filter>Shaders</Filter>
    </None>
    <None Include="Resources\Shaders\Object3DShadowMap.hlsli" />
  </ItemGroup>
</Project>